// !$*UTF8*$!
{
	archiveVersion = 1;
	classes = {
	};
	objectVersion = 46;
	objects = {

/* Begin PBXBuildFile section */
		6B1010A81CFEC5E00095AD59 /* main.m in Sources */ = {isa = PBXBuildFile; fileRef = 6B1010A71CFEC5E00095AD59 /* main.m */; };
		6B1010AB1CFEC5E00095AD59 /* AppDelegate.m in Sources */ = {isa = PBXBuildFile; fileRef = 6B1010AA1CFEC5E00095AD59 /* AppDelegate.m */; };
		6B1010AE1CFEC5E00095AD59 /* ViewController.m in Sources */ = {isa = PBXBuildFile; fileRef = 6B1010AD1CFEC5E00095AD59 /* ViewController.m */; };
		6B1010B11CFEC5E00095AD59 /* Main.storyboard in Resources */ = {isa = PBXBuildFile; fileRef = 6B1010AF1CFEC5E00095AD59 /* Main.storyboard */; };
		6B1010B31CFEC5E00095AD59 /* Assets.xcassets in Resources */ = {isa = PBXBuildFile; fileRef = 6B1010B21CFEC5E00095AD59 /* Assets.xcassets */; };
		6B1010B61CFEC5E00095AD59 /* LaunchScreen.storyboard in Resources */ = {isa = PBXBuildFile; fileRef = 6B1010B41CFEC5E00095AD59 /* LaunchScreen.storyboard */; };
		6B1010C11CFEC5E10095AD59 /* _1______Tests.m in Sources */ = {isa = PBXBuildFile; fileRef = 6B1010C01CFEC5E10095AD59 /* _1______Tests.m */; };
		6B1010CD1CFECC250095AD59 /* WebButton.m in Sources */ = {isa = PBXBuildFile; fileRef = 6B1010CC1CFECC250095AD59 /* WebButton.m */; };
/* End PBXBuildFile section */

/* Begin PBXContainerItemProxy section */
		6B1010BD1CFEC5E10095AD59 /* PBXContainerItemProxy */ = {
			isa = PBXContainerItemProxy;
			containerPortal = 6B10109B1CFEC5E00095AD59 /* Project object */;
			proxyType = 1;
			remoteGlobalIDString = 6B1010A21CFEC5E00095AD59;
			remoteInfo = "01-按钮类效果";
		};
/* End PBXContainerItemProxy section */

/* Begin PBXFileReference section */
		6B1010A31CFEC5E00095AD59 /* 01-按钮类效果.app */ = {isa = PBXFileReference; explicitFileType = wrapper.application; includeInIndex = 0; path = "01-按钮类效果.app"; sourceTree = BUILT_PRODUCTS_DIR; };
		6B1010A71CFEC5E00095AD59 /* main.m */ = {isa = PBXFileReference; lastKnownFileType = sourcecode.c.objc; path = main.m; sourceTree = "<group>"; };
		6B1010A91CFEC5E00095AD59 /* AppDelegate.h */ = {isa = PBXFileReference; lastKnownFileType = sourcecode.c.h; path = AppDelegate.h; sourceTree = "<group>"; };
		6B1010AA1CFEC5E00095AD59 /* AppDelegate.m */ = {isa = PBXFileReference; lastKnownFileType = sourcecode.c.objc; path = AppDelegate.m; sourceTree = "<group>"; };
		6B1010AC1CFEC5E00095AD59 /* ViewController.h */ = {isa = PBXFileReference; lastKnownFileType = sourcecode.c.h; path = ViewController.h; sourceTree = "<group>"; };
		6B1010AD1CFEC5E00095AD59 /* ViewController.m */ = {isa = PBXFileReference; lastKnownFileType = sourcecode.c.objc; path = ViewController.m; sourceTree = "<group>"; };
		6B1010B01CFEC5E00095AD59 /* Base */ = {isa = PBXFileReference; lastKnownFileType = file.storyboard; name = Base; path = Base.lproj/Main.storyboard; sourceTree = "<group>"; };
		6B1010B21CFEC5E00095AD59 /* Assets.xcassets */ = {isa = PBXFileReference; lastKnownFileType = folder.assetcatalog; path = Assets.xcassets; sourceTree = "<group>"; };
		6B1010B51CFEC5E00095AD59 /* Base */ = {isa = PBXFileReference; lastKnownFileType = file.storyboard; name = Base; path = Base.lproj/LaunchScreen.storyboard; sourceTree = "<group>"; };
		6B1010B71CFEC5E00095AD59 /* Info.plist */ = {isa = PBXFileReference; lastKnownFileType = text.plist.xml; path = Info.plist; sourceTree = "<group>"; };
		6B1010BC1CFEC5E10095AD59 /* 01-按钮类效果Tests.xctest */ = {isa = PBXFileReference; explicitFileType = wrapper.cfbundle; includeInIndex = 0; path = "01-按钮类效果Tests.xctest"; sourceTree = BUILT_PRODUCTS_DIR; };
		6B1010C01CFEC5E10095AD59 /* _1______Tests.m */ = {isa = PBXFileReference; lastKnownFileType = sourcecode.c.objc; path = "_1______Tests.m"; sourceTree = "<group>"; };
		6B1010C21CFEC5E10095AD59 /* Info.plist */ = {isa = PBXFileReference; lastKnownFileType = text.plist.xml; path = Info.plist; sourceTree = "<group>"; };
		6B1010CB1CFECC250095AD59 /* WebButton.h */ = {isa = PBXFileReference; fileEncoding = 4; lastKnownFileType = sourcecode.c.h; path = WebButton.h; sourceTree = "<group>"; };
		6B1010CC1CFECC250095AD59 /* WebButton.m */ = {isa = PBXFileReference; fileEncoding = 4; lastKnownFileType = sourcecode.c.objc; path = WebButton.m; sourceTree = "<group>"; };
/* End PBXFileReference section */

/* Begin PBXFrameworksBuildPhase section */
		6B1010A01CFEC5E00095AD59 /* Frameworks */ = {
			isa = PBXFrameworksBuildPhase;
			buildActionMask = 2147483647;
			files = (
			);
			runOnlyForDeploymentPostprocessing = 0;
		};
		6B1010B91CFEC5E10095AD59 /* Frameworks */ = {
			isa = PBXFrameworksBuildPhase;
			buildActionMask = 2147483647;
			files = (
			);
			runOnlyForDeploymentPostprocessing = 0;
		};
/* End PBXFrameworksBuildPhase section */

/* Begin PBXGroup section */
		6B10109A1CFEC5E00095AD59 = {
			isa = PBXGroup;
			children = (
				6B1010A51CFEC5E00095AD59 /* 01-按钮类效果 */,
				6B1010BF1CFEC5E10095AD59 /* 01-按钮类效果Tests */,
				6B1010A41CFEC5E00095AD59 /* Products */,
			);
			sourceTree = "<group>";
		};
		6B1010A41CFEC5E00095AD59 /* Products */ = {
			isa = PBXGroup;
			children = (
				6B1010A31CFEC5E00095AD59 /* 01-按钮类效果.app */,
				6B1010BC1CFEC5E10095AD59 /* 01-按钮类效果Tests.xctest */,
			);
			name = Products;
			sourceTree = "<group>";
		};
		6B1010A51CFEC5E00095AD59 /* 01-按钮类效果 */ = {
			isa = PBXGroup;
			children = (
				6B1010A91CFEC5E00095AD59 /* AppDelegate.h */,
				6B1010AA1CFEC5E00095AD59 /* AppDelegate.m */,
				6B1010AC1CFEC5E00095AD59 /* ViewController.h */,
				6B1010AD1CFEC5E00095AD59 /* ViewController.m */,
				6B1010AF1CFEC5E00095AD59 /* Main.storyboard */,
				6B1010B21CFEC5E00095AD59 /* Assets.xcassets */,
				6B1010B41CFEC5E00095AD59 /* LaunchScreen.storyboard */,
				6B1010B71CFEC5E00095AD59 /* Info.plist */,
				6B1010A61CFEC5E00095AD59 /* Supporting Files */,
				6B1010CB1CFECC250095AD59 /* WebButton.h */,
				6B1010CC1CFECC250095AD59 /* WebButton.m */,
			);
			path = "01-按钮类效果";
			sourceTree = "<group>";
		};
		6B1010A61CFEC5E00095AD59 /* Supporting Files */ = {
			isa = PBXGroup;
			children = (
				6B1010A71CFEC5E00095AD59 /* main.m */,
			);
			name = "Supporting Files";
			sourceTree = "<group>";
		};
		6B1010BF1CFEC5E10095AD59 /* 01-按钮类效果Tests */ = {
			isa = PBXGroup;
			children = (
				6B1010C01CFEC5E10095AD59 /* _1______Tests.m */,
				6B1010C21CFEC5E10095AD59 /* Info.plist */,
			);
			path = "01-按钮类效果Tests";
			sourceTree = "<group>";
		};
/* End PBXGroup section */

/* Begin PBXNativeTarget section */
		6B1010A21CFEC5E00095AD59 /* 01-按钮类效果 */ = {
			isa = PBXNativeTarget;
			buildConfigurationList = 6B1010C51CFEC5E10095AD59 /* Build configuration list for PBXNativeTarget "01-按钮类效果" */;
			buildPhases = (
				6B10109F1CFEC5E00095AD59 /* Sources */,
				6B1010A01CFEC5E00095AD59 /* Frameworks */,
				6B1010A11CFEC5E00095AD59 /* Resources */,
			);
			buildRules = (
			);
			dependencies = (
			);
			name = "01-按钮类效果";
			productName = "01-按钮类效果";
			productReference = 6B1010A31CFEC5E00095AD59 /* 01-按钮类效果.app */;
			productType = "com.apple.product-type.application";
		};
		6B1010BB1CFEC5E10095AD59 /* 01-按钮类效果Tests */ = {
			isa = PBXNativeTarget;
			buildConfigurationList = 6B1010C81CFEC5E10095AD59 /* Build configuration list for PBXNativeTarget "01-按钮类效果Tests" */;
			buildPhases = (
				6B1010B81CFEC5E10095AD59 /* Sources */,
				6B1010B91CFEC5E10095AD59 /* Frameworks */,
				6B1010BA1CFEC5E10095AD59 /* Resources */,
			);
			buildRules = (
			);
			dependencies = (
				6B1010BE1CFEC5E10095AD59 /* PBXTargetDependency */,
			);
			name = "01-按钮类效果Tests";
			productName = "01-按钮类效果Tests";
			productReference = 6B1010BC1CFEC5E10095AD59 /* 01-按钮类效果Tests.xctest */;
			productType = "com.apple.product-type.bundle.unit-test";
		};
/* End PBXNativeTarget section */

/* Begin PBXProject section */
		6B10109B1CFEC5E00095AD59 /* Project object */ = {
			isa = PBXProject;
			attributes = {
				LastUpgradeCheck = 0730;
				ORGANIZATIONNAME = KellenYangs;
				TargetAttributes = {
					6B1010A21CFEC5E00095AD59 = {
						CreatedOnToolsVersion = 7.3.1;
					};
					6B1010BB1CFEC5E10095AD59 = {
						CreatedOnToolsVersion = 7.3.1;
						TestTargetID = 6B1010A21CFEC5E00095AD59;
					};
				};
			};
			buildConfigurationList = 6B10109E1CFEC5E00095AD59 /* Build configuration list for PBXProject "01-按钮类效果" */;
			compatibilityVersion = "Xcode 3.2";
			developmentRegion = English;
			hasScannedForEncodings = 0;
			knownRegions = (
				en,
				Base,
			);
			mainGroup = 6B10109A1CFEC5E00095AD59;
			productRefGroup = 6B1010A41CFEC5E00095AD59 /* Products */;
			projectDirPath = "";
			projectRoot = "";
			targets = (
				6B1010A21CFEC5E00095AD59 /* 01-按钮类效果 */,
				6B1010BB1CFEC5E10095AD59 /* 01-按钮类效果Tests */,
			);
		};
/* End PBXProject section */

/* Begin PBXResourcesBuildPhase section */
		6B1010A11CFEC5E00095AD59 /* Resources */ = {
			isa = PBXResourcesBuildPhase;
			buildActionMask = 2147483647;
			files = (
				6B1010B61CFEC5E00095AD59 /* LaunchScreen.storyboard in Resources */,
				6B1010B31CFEC5E00095AD59 /* Assets.xcassets in Resources */,
				6B1010B11CFEC5E00095AD59 /* Main.storyboard in Resources */,
			);
			runOnlyForDeploymentPostprocessing = 0;
		};
		6B1010BA1CFEC5E10095AD59 /* Resources */ = {
			isa = PBXResourcesBuildPhase;
			buildActionMask = 2147483647;
			files = (
			);
			runOnlyForDeploymentPostprocessing = 0;
		};
/* End PBXResourcesBuildPhase section */

/* Begin PBXSourcesBuildPhase section */
		6B10109F1CFEC5E00095AD59 /* Sources */ = {
			isa = PBXSourcesBuildPhase;
			buildActionMask = 2147483647;
			files = (
				6B1010CD1CFECC250095AD59 /* WebButton.m in Sources */,
				6B1010AE1CFEC5E00095AD59 /* ViewController.m in Sources */,
				6B1010AB1CFEC5E00095AD59 /* AppDelegate.m in Sources */,
				6B1010A81CFEC5E00095AD59 /* main.m in Sources */,
			);
			runOnlyForDeploymentPostprocessing = 0;
		};
		6B1010B81CFEC5E10095AD59 /* Sources */ = {
			isa = PBXSourcesBuildPhase;
			buildActionMask = 2147483647;
			files = (
				6B1010C11CFEC5E10095AD59 /* _1______Tests.m in Sources */,
			);
			runOnlyForDeploymentPostprocessing = 0;
		};
/* End PBXSourcesBuildPhase section */

/* Begin PBXTargetDependency section */
		6B1010BE1CFEC5E10095AD59 /* PBXTargetDependency */ = {
			isa = PBXTargetDependency;
			target = 6B1010A21CFEC5E00095AD59 /* 01-按钮类效果 */;
			targetProxy = 6B1010BD1CFEC5E10095AD59 /* PBXContainerItemProxy */;
		};
/* End PBXTargetDependency section */

/* Begin PBXVariantGroup section */
		6B1010AF1CFEC5E00095AD59 /* Main.storyboard */ = {
			isa = PBXVariantGroup;
			children = (
				6B1010B01CFEC5E00095AD59 /* Base */,
			);
			name = Main.storyboard;
			sourceTree = "<group>";
		};
		6B1010B41CFEC5E00095AD59 /* LaunchScreen.storyboard */ = {
			isa = PBXVariantGroup;
			children = (
				6B1010B51CFEC5E00095AD59 /* Base */,
			);
			name = LaunchScreen.storyboard;
			sourceTree = "<group>";
		};
/* End PBXVariantGroup section */

/* Begin XCBuildConfiguration section */
		6B1010C31CFEC5E10095AD59 /* Debug */ = {
			isa = XCBuildConfiguration;
			buildSettings = {
				ALWAYS_SEARCH_USER_PATHS = NO;
				CLANG_ANALYZER_NONNULL = YES;
				CLANG_CXX_LANGUAGE_STANDARD = "gnu++0x";
				CLANG_CXX_LIBRARY = "libc++";
				CLANG_ENABLE_MODULES = YES;
				CLANG_ENABLE_OBJC_ARC = YES;
				CLANG_WARN_BOOL_CONVERSION = YES;
				CLANG_WARN_CONSTANT_CONVERSION = YES;
				CLANG_WARN_DIRECT_OBJC_ISA_USAGE = YES_ERROR;
				CLANG_WARN_EMPTY_BODY = YES;
				CLANG_WARN_ENUM_CONVERSION = YES;
				CLANG_WARN_INT_CONVERSION = YES;
				CLANG_WARN_OBJC_ROOT_CLASS = YES_ERROR;
				CLANG_WARN_UNREACHABLE_CODE = YES;
				CLANG_WARN__DUPLICATE_METHOD_MATCH = YES;
				"CODE_SIGN_IDENTITY[sdk=iphoneos*]" = "iPhone Developer";
				COPY_PHASE_STRIP = NO;
				DEBUG_INFORMATION_FORMAT = dwarf;
				ENABLE_STRICT_OBJC_MSGSEND = YES;
				ENABLE_TESTABILITY = YES;
				GCC_C_LANGUAGE_STANDARD = gnu99;
				GCC_DYNAMIC_NO_PIC = NO;
				GCC_NO_COMMON_BLOCKS = YES;
				GCC_OPTIMIZATION_LEVEL = 0;
				GCC_PREPROCESSOR_DEFINITIONS = (
					"DEBUG=1",
					"$(inherited)",
				);
				GCC_WARN_64_TO_32_BIT_CONVERSION = YES;
				GCC_WARN_ABOUT_RETURN_TYPE = YES_ERROR;
				GCC_WARN_UNDECLARED_SELECTOR = YES;
				GCC_WARN_UNINITIALIZED_AUTOS = YES_AGGRESSIVE;
				GCC_WARN_UNUSED_FUNCTION = YES;
				GCC_WARN_UNUSED_VARIABLE = YES;
				IPHONEOS_DEPLOYMENT_TARGET = 9.3;
				MTL_ENABLE_DEBUG_INFO = YES;
				ONLY_ACTIVE_ARCH = YES;
				SDKROOT = iphoneos;
			};
			name = Debug;
		};
		6B1010C41CFEC5E10095AD59 /* Release */ = {
			isa = XCBuildConfiguration;
			buildSettings = {
				ALWAYS_SEARCH_USER_PATHS = NO;
				CLANG_ANALYZER_NONNULL = YES;
				CLANG_CXX_LANGUAGE_STANDARD = "gnu++0x";
				CLANG_CXX_LIBRARY = "libc++";
				CLANG_ENABLE_MODULES = YES;
				CLANG_ENABLE_OBJC_ARC = YES;
				CLANG_WARN_BOOL_CONVERSION = YES;
				CLANG_WARN_CONSTANT_CONVERSION = YES;
				CLANG_WARN_DIRECT_OBJC_ISA_USAGE = YES_ERROR;
				CLANG_WARN_EMPTY_BODY = YES;
				CLANG_WARN_ENUM_CONVERSION = YES;
				CLANG_WARN_INT_CONVERSION = YES;
				CLANG_WARN_OBJC_ROOT_CLASS = YES_ERROR;
				CLANG_WARN_UNREACHABLE_CODE = YES;
				CLANG_WARN__DUPLICATE_METHOD_MATCH = YES;
				"CODE_SIGN_IDENTITY[sdk=iphoneos*]" = "iPhone Developer";
				COPY_PHASE_STRIP = NO;
				DEBUG_INFORMATION_FORMAT = "dwarf-with-dsym";
				ENABLE_NS_ASSERTIONS = NO;
				ENABLE_STRICT_OBJC_MSGSEND = YES;
				GCC_C_LANGUAGE_STANDARD = gnu99;
				GCC_NO_COMMON_BLOCKS = YES;
				GCC_WARN_64_TO_32_BIT_CONVERSION = YES;
				GCC_WARN_ABOUT_RETURN_TYPE = YES_ERROR;
				GCC_WARN_UNDECLARED_SELECTOR = YES;
				GCC_WARN_UNINITIALIZED_AUTOS = YES_AGGRESSIVE;
				GCC_WARN_UNUSED_FUNCTION = YES;
				GCC_WARN_UNUSED_VARIABLE = YES;
				IPHONEOS_DEPLOYMENT_TARGET = 9.3;
				MTL_ENABLE_DEBUG_INFO = NO;
				SDKROOT = iphoneos;
				VALIDATE_PRODUCT = YES;
			};
			name = Release;
		};
		6B1010C61CFEC5E10095AD59 /* Debug */ = {
			isa = XCBuildConfiguration;
			buildSettings = {
				ASSETCATALOG_COMPILER_APPICON_NAME = AppIcon;
				INFOPLIST_FILE = "01-按钮类效果/Info.plist";
				LD_RUNPATH_SEARCH_PATHS = "$(inherited) @executable_path/Frameworks";
				PRODUCT_BUNDLE_IDENTIFIER = "KellenYangs.-1------";
				PRODUCT_NAME = "$(TARGET_NAME)";
			};
			name = Debug;
		};
		6B1010C71CFEC5E10095AD59 /* Release */ = {
			isa = XCBuildConfiguration;
			buildSettings = {
				ASSETCATALOG_COMPILER_APPICON_NAME = AppIcon;
				INFOPLIST_FILE = "01-按钮类效果/Info.plist";
				LD_RUNPATH_SEARCH_PATHS = "$(inherited) @executable_path/Frameworks";
				PRODUCT_BUNDLE_IDENTIFIER = "KellenYangs.-1------";
				PRODUCT_NAME = "$(TARGET_NAME)";
			};
			name = Release;
		};
		6B1010C91CFEC5E10095AD59 /* Debug */ = {
			isa = XCBuildConfiguration;
			buildSettings = {
				BUNDLE_LOADER = "$(TEST_HOST)";
				INFOPLIST_FILE = "01-按钮类效果Tests/Info.plist";
				LD_RUNPATH_SEARCH_PATHS = "$(inherited) @executable_path/Frameworks @loader_path/Frameworks";
				PRODUCT_BUNDLE_IDENTIFIER = "KellenYangs.-1------Tests";
				PRODUCT_NAME = "$(TARGET_NAME)";
				TEST_HOST = "$(BUILT_PRODUCTS_DIR)/01-按钮类效果.app/01-按钮类效果";
			};
			name = Debug;
		};
		6B1010CA1CFEC5E10095AD59 /* Release */ = {
			isa = XCBuildConfiguration;
			buildSettings = {
				BUNDLE_LOADER = "$(TEST_HOST)";
				INFOPLIST_FILE = "01-按钮类效果Tests/Info.plist";
				LD_RUNPATH_SEARCH_PATHS = "$(inherited) @executable_path/Frameworks @loader_path/Frameworks";
				PRODUCT_BUNDLE_IDENTIFIER = "KellenYangs.-1------Tests";
				PRODUCT_NAME = "$(TARGET_NAME)";
				TEST_HOST = "$(BUILT_PRODUCTS_DIR)/01-按钮类效果.app/01-按钮类效果";
			};
			name = Release;
		};
/* End XCBuildConfiguration section */

/* Begin XCConfigurationList section */
		6B10109E1CFEC5E00095AD59 /* Build configuration list for PBXProject "01-按钮类效果" */ = {
			isa = XCConfigurationList;
			buildConfigurations = (
				6B1010C31CFEC5E10095AD59 /* Debug */,
				6B1010C41CFEC5E10095AD59 /* Release */,
			);
			defaultConfigurationIsVisible = 0;
			defaultConfigurationName = Release;
		};
		6B1010C51CFEC5E10095AD59 /* Build configuration list for PBXNativeTarget "01-按钮类效果" */ = {
			isa = XCConfigurationList;
			buildConfigurations = (
				6B1010C61CFEC5E10095AD59 /* Debug */,
				6B1010C71CFEC5E10095AD59 /* Release */,
			);
			defaultConfigurationIsVisible = 0;
			defaultConfigurationName = Release;
		};
		6B1010C81CFEC5E10095AD59 /* Build configuration list for PBXNativeTarget "01-按钮类效果Tests" */ = {
			isa = XCConfigurationList;
			buildConfigurations = (
				6B1010C91CFEC5E10095AD59 /* Debug */,
				6B1010CA1CFEC5E10095AD59 /* Release */,
			);
			defaultConfigurationIsVisible = 0;
			defaultConfigurationName = Release;
		};
/* End XCConfigurationList section */
	};
	rootObject = 6B10109B1CFEC5E00095AD59 /* Project object */;
}
