// !$*UTF8*$!
{
	archiveVersion = 1;
	classes = {
	};
	objectVersion = 46;
	objects = {

/* Begin PBXBuildFile section */
		6B51F5B41CDAE563005301B1 /* AppDelegate.swift in Sources */ = {isa = PBXBuildFile; fileRef = 6B51F5B31CDAE563005301B1 /* AppDelegate.swift */; };
		6B51F5B61CDAE563005301B1 /* ViewController.swift in Sources */ = {isa = PBXBuildFile; fileRef = 6B51F5B51CDAE563005301B1 /* ViewController.swift */; };
		6B51F5B91CDAE564005301B1 /* Main.storyboard in Resources */ = {isa = PBXBuildFile; fileRef = 6B51F5B71CDAE564005301B1 /* Main.storyboard */; };
		6B51F5BB1CDAE564005301B1 /* Assets.xcassets in Resources */ = {isa = PBXBuildFile; fileRef = 6B51F5BA1CDAE564005301B1 /* Assets.xcassets */; };
		6B51F5BE1CDAE564005301B1 /* LaunchScreen.storyboard in Resources */ = {isa = PBXBuildFile; fileRef = 6B51F5BC1CDAE564005301B1 /* LaunchScreen.storyboard */; };
		6B51F5C91CDAE564005301B1 /* S____________Tests.swift in Sources */ = {isa = PBXBuildFile; fileRef = 6B51F5C81CDAE564005301B1 /* S____________Tests.swift */; };
		6B51F5D41CDAE564005301B1 /* S____________UITests.swift in Sources */ = {isa = PBXBuildFile; fileRef = 6B51F5D31CDAE564005301B1 /* S____________UITests.swift */; };
/* End PBXBuildFile section */

/* Begin PBXContainerItemProxy section */
		6B51F5C51CDAE564005301B1 /* PBXContainerItemProxy */ = {
			isa = PBXContainerItemProxy;
			containerPortal = 6B51F5A81CDAE563005301B1 /* Project object */;
			proxyType = 1;
			remoteGlobalIDString = 6B51F5AF1CDAE563005301B1;
			remoteInfo = "S_类似新闻的首页滚动视图";
		};
		6B51F5D01CDAE564005301B1 /* PBXContainerItemProxy */ = {
			isa = PBXContainerItemProxy;
			containerPortal = 6B51F5A81CDAE563005301B1 /* Project object */;
			proxyType = 1;
			remoteGlobalIDString = 6B51F5AF1CDAE563005301B1;
			remoteInfo = "S_类似新闻的首页滚动视图";
		};
/* End PBXContainerItemProxy section */

/* Begin PBXFileReference section */
		6B51F5B01CDAE563005301B1 /* S_类似新闻的首页滚动视图.app */ = {isa = PBXFileReference; explicitFileType = wrapper.application; includeInIndex = 0; path = "S_类似新闻的首页滚动视图.app"; sourceTree = BUILT_PRODUCTS_DIR; };
		6B51F5B31CDAE563005301B1 /* AppDelegate.swift */ = {isa = PBXFileReference; lastKnownFileType = sourcecode.swift; path = AppDelegate.swift; sourceTree = "<group>"; };
		6B51F5B51CDAE563005301B1 /* ViewController.swift */ = {isa = PBXFileReference; lastKnownFileType = sourcecode.swift; path = ViewController.swift; sourceTree = "<group>"; };
		6B51F5B81CDAE564005301B1 /* Base */ = {isa = PBXFileReference; lastKnownFileType = file.storyboard; name = Base; path = Base.lproj/Main.storyboard; sourceTree = "<group>"; };
		6B51F5BA1CDAE564005301B1 /* Assets.xcassets */ = {isa = PBXFileReference; lastKnownFileType = folder.assetcatalog; path = Assets.xcassets; sourceTree = "<group>"; };
		6B51F5BD1CDAE564005301B1 /* Base */ = {isa = PBXFileReference; lastKnownFileType = file.storyboard; name = Base; path = Base.lproj/LaunchScreen.storyboard; sourceTree = "<group>"; };
		6B51F5BF1CDAE564005301B1 /* Info.plist */ = {isa = PBXFileReference; lastKnownFileType = text.plist.xml; path = Info.plist; sourceTree = "<group>"; };
		6B51F5C41CDAE564005301B1 /* S_类似新闻的首页滚动视图Tests.xctest */ = {isa = PBXFileReference; explicitFileType = wrapper.cfbundle; includeInIndex = 0; path = "S_类似新闻的首页滚动视图Tests.xctest"; sourceTree = BUILT_PRODUCTS_DIR; };
		6B51F5C81CDAE564005301B1 /* S____________Tests.swift */ = {isa = PBXFileReference; lastKnownFileType = sourcecode.swift; path = "S____________Tests.swift"; sourceTree = "<group>"; };
		6B51F5CA1CDAE564005301B1 /* Info.plist */ = {isa = PBXFileReference; lastKnownFileType = text.plist.xml; path = Info.plist; sourceTree = "<group>"; };
		6B51F5CF1CDAE564005301B1 /* S_类似新闻的首页滚动视图UITests.xctest */ = {isa = PBXFileReference; explicitFileType = wrapper.cfbundle; includeInIndex = 0; path = "S_类似新闻的首页滚动视图UITests.xctest"; sourceTree = BUILT_PRODUCTS_DIR; };
		6B51F5D31CDAE564005301B1 /* S____________UITests.swift */ = {isa = PBXFileReference; lastKnownFileType = sourcecode.swift; path = "S____________UITests.swift"; sourceTree = "<group>"; };
		6B51F5D51CDAE564005301B1 /* Info.plist */ = {isa = PBXFileReference; lastKnownFileType = text.plist.xml; path = Info.plist; sourceTree = "<group>"; };
/* End PBXFileReference section */

/* Begin PBXFrameworksBuildPhase section */
		6B51F5AD1CDAE563005301B1 /* Frameworks */ = {
			isa = PBXFrameworksBuildPhase;
			buildActionMask = 2147483647;
			files = (
			);
			runOnlyForDeploymentPostprocessing = 0;
		};
		6B51F5C11CDAE564005301B1 /* Frameworks */ = {
			isa = PBXFrameworksBuildPhase;
			buildActionMask = 2147483647;
			files = (
			);
			runOnlyForDeploymentPostprocessing = 0;
		};
		6B51F5CC1CDAE564005301B1 /* Frameworks */ = {
			isa = PBXFrameworksBuildPhase;
			buildActionMask = 2147483647;
			files = (
			);
			runOnlyForDeploymentPostprocessing = 0;
		};
/* End PBXFrameworksBuildPhase section */

/* Begin PBXGroup section */
		6B51F5A71CDAE563005301B1 = {
			isa = PBXGroup;
			children = (
				6B51F5B21CDAE563005301B1 /* S_类似新闻的首页滚动视图 */,
				6B51F5C71CDAE564005301B1 /* S_类似新闻的首页滚动视图Tests */,
				6B51F5D21CDAE564005301B1 /* S_类似新闻的首页滚动视图UITests */,
				6B51F5B11CDAE563005301B1 /* Products */,
			);
			sourceTree = "<group>";
		};
		6B51F5B11CDAE563005301B1 /* Products */ = {
			isa = PBXGroup;
			children = (
				6B51F5B01CDAE563005301B1 /* S_类似新闻的首页滚动视图.app */,
				6B51F5C41CDAE564005301B1 /* S_类似新闻的首页滚动视图Tests.xctest */,
				6B51F5CF1CDAE564005301B1 /* S_类似新闻的首页滚动视图UITests.xctest */,
			);
			name = Products;
			sourceTree = "<group>";
		};
		6B51F5B21CDAE563005301B1 /* S_类似新闻的首页滚动视图 */ = {
			isa = PBXGroup;
			children = (
				6B51F5B31CDAE563005301B1 /* AppDelegate.swift */,
				6B51F5B51CDAE563005301B1 /* ViewController.swift */,
				6B51F5B71CDAE564005301B1 /* Main.storyboard */,
				6B51F5BA1CDAE564005301B1 /* Assets.xcassets */,
				6B51F5BC1CDAE564005301B1 /* LaunchScreen.storyboard */,
				6B51F5BF1CDAE564005301B1 /* Info.plist */,
			);
			path = "S_类似新闻的首页滚动视图";
			sourceTree = "<group>";
		};
		6B51F5C71CDAE564005301B1 /* S_类似新闻的首页滚动视图Tests */ = {
			isa = PBXGroup;
			children = (
				6B51F5C81CDAE564005301B1 /* S____________Tests.swift */,
				6B51F5CA1CDAE564005301B1 /* Info.plist */,
			);
			path = "S_类似新闻的首页滚动视图Tests";
			sourceTree = "<group>";
		};
		6B51F5D21CDAE564005301B1 /* S_类似新闻的首页滚动视图UITests */ = {
			isa = PBXGroup;
			children = (
				6B51F5D31CDAE564005301B1 /* S____________UITests.swift */,
				6B51F5D51CDAE564005301B1 /* Info.plist */,
			);
			path = "S_类似新闻的首页滚动视图UITests";
			sourceTree = "<group>";
		};
/* End PBXGroup section */

/* Begin PBXNativeTarget section */
		6B51F5AF1CDAE563005301B1 /* S_类似新闻的首页滚动视图 */ = {
			isa = PBXNativeTarget;
			buildConfigurationList = 6B51F5D81CDAE564005301B1 /* Build configuration list for PBXNativeTarget "S_类似新闻的首页滚动视图" */;
			buildPhases = (
				6B51F5AC1CDAE563005301B1 /* Sources */,
				6B51F5AD1CDAE563005301B1 /* Frameworks */,
				6B51F5AE1CDAE563005301B1 /* Resources */,
			);
			buildRules = (
			);
			dependencies = (
			);
			name = "S_类似新闻的首页滚动视图";
			productName = "S_类似新闻的首页滚动视图";
			productReference = 6B51F5B01CDAE563005301B1 /* S_类似新闻的首页滚动视图.app */;
			productType = "com.apple.product-type.application";
		};
		6B51F5C31CDAE564005301B1 /* S_类似新闻的首页滚动视图Tests */ = {
			isa = PBXNativeTarget;
			buildConfigurationList = 6B51F5DB1CDAE564005301B1 /* Build configuration list for PBXNativeTarget "S_类似新闻的首页滚动视图Tests" */;
			buildPhases = (
				6B51F5C01CDAE564005301B1 /* Sources */,
				6B51F5C11CDAE564005301B1 /* Frameworks */,
				6B51F5C21CDAE564005301B1 /* Resources */,
			);
			buildRules = (
			);
			dependencies = (
				6B51F5C61CDAE564005301B1 /* PBXTargetDependency */,
			);
			name = "S_类似新闻的首页滚动视图Tests";
			productName = "S_类似新闻的首页滚动视图Tests";
			productReference = 6B51F5C41CDAE564005301B1 /* S_类似新闻的首页滚动视图Tests.xctest */;
			productType = "com.apple.product-type.bundle.unit-test";
		};
		6B51F5CE1CDAE564005301B1 /* S_类似新闻的首页滚动视图UITests */ = {
			isa = PBXNativeTarget;
			buildConfigurationList = 6B51F5DE1CDAE564005301B1 /* Build configuration list for PBXNativeTarget "S_类似新闻的首页滚动视图UITests" */;
			buildPhases = (
				6B51F5CB1CDAE564005301B1 /* Sources */,
				6B51F5CC1CDAE564005301B1 /* Frameworks */,
				6B51F5CD1CDAE564005301B1 /* Resources */,
			);
			buildRules = (
			);
			dependencies = (
				6B51F5D11CDAE564005301B1 /* PBXTargetDependency */,
			);
			name = "S_类似新闻的首页滚动视图UITests";
			productName = "S_类似新闻的首页滚动视图UITests";
			productReference = 6B51F5CF1CDAE564005301B1 /* S_类似新闻的首页滚动视图UITests.xctest */;
			productType = "com.apple.product-type.bundle.ui-testing";
		};
/* End PBXNativeTarget section */

/* Begin PBXProject section */
		6B51F5A81CDAE563005301B1 /* Project object */ = {
			isa = PBXProject;
			attributes = {
				LastSwiftUpdateCheck = 0730;
				LastUpgradeCheck = 0730;
				ORGANIZATIONNAME = KellenYangs;
				TargetAttributes = {
					6B51F5AF1CDAE563005301B1 = {
						CreatedOnToolsVersion = 7.3;
					};
					6B51F5C31CDAE564005301B1 = {
						CreatedOnToolsVersion = 7.3;
						TestTargetID = 6B51F5AF1CDAE563005301B1;
					};
					6B51F5CE1CDAE564005301B1 = {
						CreatedOnToolsVersion = 7.3;
						TestTargetID = 6B51F5AF1CDAE563005301B1;
					};
				};
			};
			buildConfigurationList = 6B51F5AB1CDAE563005301B1 /* Build configuration list for PBXProject "S_类似新闻的首页滚动视图" */;
			compatibilityVersion = "Xcode 3.2";
			developmentRegion = English;
			hasScannedForEncodings = 0;
			knownRegions = (
				en,
				Base,
			);
			mainGroup = 6B51F5A71CDAE563005301B1;
			productRefGroup = 6B51F5B11CDAE563005301B1 /* Products */;
			projectDirPath = "";
			projectRoot = "";
			targets = (
				6B51F5AF1CDAE563005301B1 /* S_类似新闻的首页滚动视图 */,
				6B51F5C31CDAE564005301B1 /* S_类似新闻的首页滚动视图Tests */,
				6B51F5CE1CDAE564005301B1 /* S_类似新闻的首页滚动视图UITests */,
			);
		};
/* End PBXProject section */

/* Begin PBXResourcesBuildPhase section */
		6B51F5AE1CDAE563005301B1 /* Resources */ = {
			isa = PBXResourcesBuildPhase;
			buildActionMask = 2147483647;
			files = (
				6B51F5BE1CDAE564005301B1 /* LaunchScreen.storyboard in Resources */,
				6B51F5BB1CDAE564005301B1 /* Assets.xcassets in Resources */,
				6B51F5B91CDAE564005301B1 /* Main.storyboard in Resources */,
			);
			runOnlyForDeploymentPostprocessing = 0;
		};
		6B51F5C21CDAE564005301B1 /* Resources */ = {
			isa = PBXResourcesBuildPhase;
			buildActionMask = 2147483647;
			files = (
			);
			runOnlyForDeploymentPostprocessing = 0;
		};
		6B51F5CD1CDAE564005301B1 /* Resources */ = {
			isa = PBXResourcesBuildPhase;
			buildActionMask = 2147483647;
			files = (
			);
			runOnlyForDeploymentPostprocessing = 0;
		};
/* End PBXResourcesBuildPhase section */

/* Begin PBXSourcesBuildPhase section */
		6B51F5AC1CDAE563005301B1 /* Sources */ = {
			isa = PBXSourcesBuildPhase;
			buildActionMask = 2147483647;
			files = (
				6B51F5B61CDAE563005301B1 /* ViewController.swift in Sources */,
				6B51F5B41CDAE563005301B1 /* AppDelegate.swift in Sources */,
			);
			runOnlyForDeploymentPostprocessing = 0;
		};
		6B51F5C01CDAE564005301B1 /* Sources */ = {
			isa = PBXSourcesBuildPhase;
			buildActionMask = 2147483647;
			files = (
				6B51F5C91CDAE564005301B1 /* S____________Tests.swift in Sources */,
			);
			runOnlyForDeploymentPostprocessing = 0;
		};
		6B51F5CB1CDAE564005301B1 /* Sources */ = {
			isa = PBXSourcesBuildPhase;
			buildActionMask = 2147483647;
			files = (
				6B51F5D41CDAE564005301B1 /* S____________UITests.swift in Sources */,
			);
			runOnlyForDeploymentPostprocessing = 0;
		};
/* End PBXSourcesBuildPhase section */

/* Begin PBXTargetDependency section */
		6B51F5C61CDAE564005301B1 /* PBXTargetDependency */ = {
			isa = PBXTargetDependency;
			target = 6B51F5AF1CDAE563005301B1 /* S_类似新闻的首页滚动视图 */;
			targetProxy = 6B51F5C51CDAE564005301B1 /* PBXContainerItemProxy */;
		};
		6B51F5D11CDAE564005301B1 /* PBXTargetDependency */ = {
			isa = PBXTargetDependency;
			target = 6B51F5AF1CDAE563005301B1 /* S_类似新闻的首页滚动视图 */;
			targetProxy = 6B51F5D01CDAE564005301B1 /* PBXContainerItemProxy */;
		};
/* End PBXTargetDependency section */

/* Begin PBXVariantGroup section */
		6B51F5B71CDAE564005301B1 /* Main.storyboard */ = {
			isa = PBXVariantGroup;
			children = (
				6B51F5B81CDAE564005301B1 /* Base */,
			);
			name = Main.storyboard;
			sourceTree = "<group>";
		};
		6B51F5BC1CDAE564005301B1 /* LaunchScreen.storyboard */ = {
			isa = PBXVariantGroup;
			children = (
				6B51F5BD1CDAE564005301B1 /* Base */,
			);
			name = LaunchScreen.storyboard;
			sourceTree = "<group>";
		};
/* End PBXVariantGroup section */

/* Begin XCBuildConfiguration section */
		6B51F5D61CDAE564005301B1 /* Debug */ = {
			isa = XCBuildConfiguration;
			buildSettings = {
				ALWAYS_SEARCH_USER_PATHS = NO;
				CLANG_ANALYZER_NONNULL = YES;
				CLANG_CXX_LANGUAGE_STANDARD = "gnu++0x";
				CLANG_CXX_LIBRARY = "libc++";
				CLANG_ENABLE_MODULES = YES;
				CLANG_ENABLE_OBJC_ARC = YES;
				CLANG_WARN_BOOL_CONVERSION = YES;
				CLANG_WARN_CONSTANT_CONVERSION = YES;
				CLANG_WARN_DIRECT_OBJC_ISA_USAGE = YES_ERROR;
				CLANG_WARN_EMPTY_BODY = YES;
				CLANG_WARN_ENUM_CONVERSION = YES;
				CLANG_WARN_INT_CONVERSION = YES;
				CLANG_WARN_OBJC_ROOT_CLASS = YES_ERROR;
				CLANG_WARN_UNREACHABLE_CODE = YES;
				CLANG_WARN__DUPLICATE_METHOD_MATCH = YES;
				"CODE_SIGN_IDENTITY[sdk=iphoneos*]" = "iPhone Developer";
				COPY_PHASE_STRIP = NO;
				DEBUG_INFORMATION_FORMAT = dwarf;
				ENABLE_STRICT_OBJC_MSGSEND = YES;
				ENABLE_TESTABILITY = YES;
				GCC_C_LANGUAGE_STANDARD = gnu99;
				GCC_DYNAMIC_NO_PIC = NO;
				GCC_NO_COMMON_BLOCKS = YES;
				GCC_OPTIMIZATION_LEVEL = 0;
				GCC_PREPROCESSOR_DEFINITIONS = (
					"DEBUG=1",
					"$(inherited)",
				);
				GCC_WARN_64_TO_32_BIT_CONVERSION = YES;
				GCC_WARN_ABOUT_RETURN_TYPE = YES_ERROR;
				GCC_WARN_UNDECLARED_SELECTOR = YES;
				GCC_WARN_UNINITIALIZED_AUTOS = YES_AGGRESSIVE;
				GCC_WARN_UNUSED_FUNCTION = YES;
				GCC_WARN_UNUSED_VARIABLE = YES;
				IPHONEOS_DEPLOYMENT_TARGET = 9.3;
				MTL_ENABLE_DEBUG_INFO = YES;
				ONLY_ACTIVE_ARCH = YES;
				SDKROOT = iphoneos;
				SWIFT_OPTIMIZATION_LEVEL = "-Onone";
			};
			name = Debug;
		};
		6B51F5D71CDAE564005301B1 /* Release */ = {
			isa = XCBuildConfiguration;
			buildSettings = {
				ALWAYS_SEARCH_USER_PATHS = NO;
				CLANG_ANALYZER_NONNULL = YES;
				CLANG_CXX_LANGUAGE_STANDARD = "gnu++0x";
				CLANG_CXX_LIBRARY = "libc++";
				CLANG_ENABLE_MODULES = YES;
				CLANG_ENABLE_OBJC_ARC = YES;
				CLANG_WARN_BOOL_CONVERSION = YES;
				CLANG_WARN_CONSTANT_CONVERSION = YES;
				CLANG_WARN_DIRECT_OBJC_ISA_USAGE = YES_ERROR;
				CLANG_WARN_EMPTY_BODY = YES;
				CLANG_WARN_ENUM_CONVERSION = YES;
				CLANG_WARN_INT_CONVERSION = YES;
				CLANG_WARN_OBJC_ROOT_CLASS = YES_ERROR;
				CLANG_WARN_UNREACHABLE_CODE = YES;
				CLANG_WARN__DUPLICATE_METHOD_MATCH = YES;
				"CODE_SIGN_IDENTITY[sdk=iphoneos*]" = "iPhone Developer";
				COPY_PHASE_STRIP = NO;
				DEBUG_INFORMATION_FORMAT = "dwarf-with-dsym";
				ENABLE_NS_ASSERTIONS = NO;
				ENABLE_STRICT_OBJC_MSGSEND = YES;
				GCC_C_LANGUAGE_STANDARD = gnu99;
				GCC_NO_COMMON_BLOCKS = YES;
				GCC_WARN_64_TO_32_BIT_CONVERSION = YES;
				GCC_WARN_ABOUT_RETURN_TYPE = YES_ERROR;
				GCC_WARN_UNDECLARED_SELECTOR = YES;
				GCC_WARN_UNINITIALIZED_AUTOS = YES_AGGRESSIVE;
				GCC_WARN_UNUSED_FUNCTION = YES;
				GCC_WARN_UNUSED_VARIABLE = YES;
				IPHONEOS_DEPLOYMENT_TARGET = 9.3;
				MTL_ENABLE_DEBUG_INFO = NO;
				SDKROOT = iphoneos;
				VALIDATE_PRODUCT = YES;
			};
			name = Release;
		};
		6B51F5D91CDAE564005301B1 /* Debug */ = {
			isa = XCBuildConfiguration;
			buildSettings = {
				ASSETCATALOG_COMPILER_APPICON_NAME = AppIcon;
				INFOPLIST_FILE = "S_类似新闻的首页滚动视图/Info.plist";
				LD_RUNPATH_SEARCH_PATHS = "$(inherited) @executable_path/Frameworks";
				PRODUCT_BUNDLE_IDENTIFIER = "KellenYangs.S------------";
				PRODUCT_NAME = "$(TARGET_NAME)";
			};
			name = Debug;
		};
		6B51F5DA1CDAE564005301B1 /* Release */ = {
			isa = XCBuildConfiguration;
			buildSettings = {
				ASSETCATALOG_COMPILER_APPICON_NAME = AppIcon;
				INFOPLIST_FILE = "S_类似新闻的首页滚动视图/Info.plist";
				LD_RUNPATH_SEARCH_PATHS = "$(inherited) @executable_path/Frameworks";
				PRODUCT_BUNDLE_IDENTIFIER = "KellenYangs.S------------";
				PRODUCT_NAME = "$(TARGET_NAME)";
			};
			name = Release;
		};
		6B51F5DC1CDAE564005301B1 /* Debug */ = {
			isa = XCBuildConfiguration;
			buildSettings = {
				BUNDLE_LOADER = "$(TEST_HOST)";
				INFOPLIST_FILE = "S_类似新闻的首页滚动视图Tests/Info.plist";
				LD_RUNPATH_SEARCH_PATHS = "$(inherited) @executable_path/Frameworks @loader_path/Frameworks";
				PRODUCT_BUNDLE_IDENTIFIER = "KellenYangs.S------------Tests";
				PRODUCT_NAME = "$(TARGET_NAME)";
				TEST_HOST = "$(BUILT_PRODUCTS_DIR)/S_类似新闻的首页滚动视图.app/S_类似新闻的首页滚动视图";
			};
			name = Debug;
		};
		6B51F5DD1CDAE564005301B1 /* Release */ = {
			isa = XCBuildConfiguration;
			buildSettings = {
				BUNDLE_LOADER = "$(TEST_HOST)";
				INFOPLIST_FILE = "S_类似新闻的首页滚动视图Tests/Info.plist";
				LD_RUNPATH_SEARCH_PATHS = "$(inherited) @executable_path/Frameworks @loader_path/Frameworks";
				PRODUCT_BUNDLE_IDENTIFIER = "KellenYangs.S------------Tests";
				PRODUCT_NAME = "$(TARGET_NAME)";
				TEST_HOST = "$(BUILT_PRODUCTS_DIR)/S_类似新闻的首页滚动视图.app/S_类似新闻的首页滚动视图";
			};
			name = Release;
		};
		6B51F5DF1CDAE564005301B1 /* Debug */ = {
			isa = XCBuildConfiguration;
			buildSettings = {
				INFOPLIST_FILE = "S_类似新闻的首页滚动视图UITests/Info.plist";
				LD_RUNPATH_SEARCH_PATHS = "$(inherited) @executable_path/Frameworks @loader_path/Frameworks";
				PRODUCT_BUNDLE_IDENTIFIER = "KellenYangs.S------------UITests";
				PRODUCT_NAME = "$(TARGET_NAME)";
				TEST_TARGET_NAME = "S_类似新闻的首页滚动视图";
			};
			name = Debug;
		};
		6B51F5E01CDAE564005301B1 /* Release */ = {
			isa = XCBuildConfiguration;
			buildSettings = {
				INFOPLIST_FILE = "S_类似新闻的首页滚动视图UITests/Info.plist";
				LD_RUNPATH_SEARCH_PATHS = "$(inherited) @executable_path/Frameworks @loader_path/Frameworks";
				PRODUCT_BUNDLE_IDENTIFIER = "KellenYangs.S------------UITests";
				PRODUCT_NAME = "$(TARGET_NAME)";
				TEST_TARGET_NAME = "S_类似新闻的首页滚动视图";
			};
			name = Release;
		};
/* End XCBuildConfiguration section */

/* Begin XCConfigurationList section */
		6B51F5AB1CDAE563005301B1 /* Build configuration list for PBXProject "S_类似新闻的首页滚动视图" */ = {
			isa = XCConfigurationList;
			buildConfigurations = (
				6B51F5D61CDAE564005301B1 /* Debug */,
				6B51F5D71CDAE564005301B1 /* Release */,
			);
			defaultConfigurationIsVisible = 0;
			defaultConfigurationName = Release;
		};
		6B51F5D81CDAE564005301B1 /* Build configuration list for PBXNativeTarget "S_类似新闻的首页滚动视图" */ = {
			isa = XCConfigurationList;
			buildConfigurations = (
				6B51F5D91CDAE564005301B1 /* Debug */,
				6B51F5DA1CDAE564005301B1 /* Release */,
			);
			defaultConfigurationIsVisible = 0;
		};
		6B51F5DB1CDAE564005301B1 /* Build configuration list for PBXNativeTarget "S_类似新闻的首页滚动视图Tests" */ = {
			isa = XCConfigurationList;
			buildConfigurations = (
				6B51F5DC1CDAE564005301B1 /* Debug */,
				6B51F5DD1CDAE564005301B1 /* Release */,
			);
			defaultConfigurationIsVisible = 0;
		};
		6B51F5DE1CDAE564005301B1 /* Build configuration list for PBXNativeTarget "S_类似新闻的首页滚动视图UITests" */ = {
			isa = XCConfigurationList;
			buildConfigurations = (
				6B51F5DF1CDAE564005301B1 /* Debug */,
				6B51F5E01CDAE564005301B1 /* Release */,
			);
			defaultConfigurationIsVisible = 0;
		};
/* End XCConfigurationList section */
	};
	rootObject = 6B51F5A81CDAE563005301B1 /* Project object */;
}
