// !$*UTF8*$!
{
	archiveVersion = 1;
	classes = {
	};
	objectVersion = 46;
	objects = {

/* Begin PBXBuildFile section */
		6B88DE6E1CFE8D8E008635B2 /* KLPluginTest.xcscheme in Resources */ = {isa = PBXBuildFile; fileRef = 6B88DE6D1CFE8D8E008635B2 /* KLPluginTest.xcscheme */; };
		6B88DE711CFE8D8F008635B2 /* KLPluginTest.m in Sources */ = {isa = PBXBuildFile; fileRef = 6B88DE701CFE8D8F008635B2 /* KLPluginTest.m */; };
/* End PBXBuildFile section */

/* Begin PBXFileReference section */
		6B88DE691CFE8D8D008635B2 /* KLPluginTest.xcplugin */ = {isa = PBXFileReference; explicitFileType = wrapper.cfbundle; includeInIndex = 0; path = KLPluginTest.xcplugin; sourceTree = BUILT_PRODUCTS_DIR; };
		6B88DE6D1CFE8D8E008635B2 /* KLPluginTest.xcscheme */ = {isa = PBXFileReference; lastKnownFileType = text.xml; name = KLPluginTest.xcscheme; path = KLPluginTest.xcodeproj/xcshareddata/xcschemes/KLPluginTest.xcscheme; sourceTree = SOURCE_ROOT; };
		6B88DE6F1CFE8D8F008635B2 /* KLPluginTest.h */ = {isa = PBXFileReference; lastKnownFileType = sourcecode.c.h; path = KLPluginTest.h; sourceTree = "<group>"; };
		6B88DE701CFE8D8F008635B2 /* KLPluginTest.m */ = {isa = PBXFileReference; lastKnownFileType = sourcecode.c.objc; path = KLPluginTest.m; sourceTree = "<group>"; };
		6B88DE721CFE8D90008635B2 /* Info.plist */ = {isa = PBXFileReference; lastKnownFileType = text.plist.xml; path = Info.plist; sourceTree = "<group>"; };
/* End PBXFileReference section */

/* Begin PBXGroup section */
		6B88DE611CFE8D8D008635B2 = {
			isa = PBXGroup;
			children = (
				6B88DE6B1CFE8D8D008635B2 /* KLPluginTest */,
				6B88DE6A1CFE8D8D008635B2 /* Products */,
			);
			sourceTree = "<group>";
		};
		6B88DE6A1CFE8D8D008635B2 /* Products */ = {
			isa = PBXGroup;
			children = (
				6B88DE691CFE8D8D008635B2 /* KLPluginTest.xcplugin */,
			);
			name = Products;
			sourceTree = "<group>";
		};
		6B88DE6B1CFE8D8D008635B2 /* KLPluginTest */ = {
			isa = PBXGroup;
			children = (
				6B88DE6F1CFE8D8F008635B2 /* KLPluginTest.h */,
				6B88DE701CFE8D8F008635B2 /* KLPluginTest.m */,
				6B88DE721CFE8D90008635B2 /* Info.plist */,
				6B88DE6C1CFE8D8E008635B2 /* Supporting Files */,
			);
			path = KLPluginTest;
			sourceTree = "<group>";
		};
		6B88DE6C1CFE8D8E008635B2 /* Supporting Files */ = {
			isa = PBXGroup;
			children = (
				6B88DE6D1CFE8D8E008635B2 /* KLPluginTest.xcscheme */,
			);
			name = "Supporting Files";
			sourceTree = "<group>";
		};
/* End PBXGroup section */

/* Begin PBXNativeTarget section */
		6B88DE681CFE8D8D008635B2 /* KLPluginTest */ = {
			isa = PBXNativeTarget;
			buildConfigurationList = 6B88DE751CFE8D90008635B2 /* Build configuration list for PBXNativeTarget "KLPluginTest" */;
			buildPhases = (
				6B88DE661CFE8D8D008635B2 /* Sources */,
				6B88DE671CFE8D8D008635B2 /* Resources */,
			);
			buildRules = (
			);
			dependencies = (
			);
			name = KLPluginTest;
			productName = KLPluginTest;
			productReference = 6B88DE691CFE8D8D008635B2 /* KLPluginTest.xcplugin */;
			productType = "com.apple.product-type.bundle";
		};
/* End PBXNativeTarget section */

/* Begin PBXProject section */
		6B88DE621CFE8D8D008635B2 /* Project object */ = {
			isa = PBXProject;
			attributes = {
				LastUpgradeCheck = 0730;
				ORGANIZATIONNAME = KellenYangs;
				TargetAttributes = {
					6B88DE681CFE8D8D008635B2 = {
						CreatedOnToolsVersion = 7.3.1;
					};
				};
			};
			buildConfigurationList = 6B88DE651CFE8D8D008635B2 /* Build configuration list for PBXProject "KLPluginTest" */;
			compatibilityVersion = "Xcode 3.2";
			developmentRegion = English;
			hasScannedForEncodings = 0;
			knownRegions = (
				en,
			);
			mainGroup = 6B88DE611CFE8D8D008635B2;
			productRefGroup = 6B88DE6A1CFE8D8D008635B2 /* Products */;
			projectDirPath = "";
			projectRoot = "";
			targets = (
				6B88DE681CFE8D8D008635B2 /* KLPluginTest */,
			);
		};
/* End PBXProject section */

/* Begin PBXResourcesBuildPhase section */
		6B88DE671CFE8D8D008635B2 /* Resources */ = {
			isa = PBXResourcesBuildPhase;
			buildActionMask = 2147483647;
			files = (
				6B88DE6E1CFE8D8E008635B2 /* KLPluginTest.xcscheme in Resources */,
			);
			runOnlyForDeploymentPostprocessing = 0;
		};
/* End PBXResourcesBuildPhase section */

/* Begin PBXSourcesBuildPhase section */
		6B88DE661CFE8D8D008635B2 /* Sources */ = {
			isa = PBXSourcesBuildPhase;
			buildActionMask = 2147483647;
			files = (
				6B88DE711CFE8D8F008635B2 /* KLPluginTest.m in Sources */,
			);
			runOnlyForDeploymentPostprocessing = 0;
		};
/* End PBXSourcesBuildPhase section */

/* Begin XCBuildConfiguration section */
		6B88DE731CFE8D90008635B2 /* Debug */ = {
			isa = XCBuildConfiguration;
			buildSettings = {
				ALWAYS_SEARCH_USER_PATHS = NO;
				CLANG_ANALYZER_NONNULL = YES;
				CLANG_CXX_LANGUAGE_STANDARD = "gnu++0x";
				CLANG_CXX_LIBRARY = "libc++";
				CLANG_ENABLE_MODULES = YES;
				CLANG_ENABLE_OBJC_ARC = YES;
				CLANG_WARN_BOOL_CONVERSION = YES;
				CLANG_WARN_CONSTANT_CONVERSION = YES;
				CLANG_WARN_DIRECT_OBJC_ISA_USAGE = YES_ERROR;
				CLANG_WARN_EMPTY_BODY = YES;
				CLANG_WARN_ENUM_CONVERSION = YES;
				CLANG_WARN_INT_CONVERSION = YES;
				CLANG_WARN_OBJC_ROOT_CLASS = YES_ERROR;
				CLANG_WARN_UNREACHABLE_CODE = YES;
				CLANG_WARN__DUPLICATE_METHOD_MATCH = YES;
				CODE_SIGN_IDENTITY = "-";
				COPY_PHASE_STRIP = NO;
				DEBUG_INFORMATION_FORMAT = dwarf;
				ENABLE_STRICT_OBJC_MSGSEND = YES;
				ENABLE_TESTABILITY = YES;
				GCC_C_LANGUAGE_STANDARD = gnu99;
				GCC_DYNAMIC_NO_PIC = NO;
				GCC_NO_COMMON_BLOCKS = YES;
				GCC_OPTIMIZATION_LEVEL = 0;
				GCC_PREPROCESSOR_DEFINITIONS = (
					"DEBUG=1",
					"$(inherited)",
				);
				GCC_WARN_64_TO_32_BIT_CONVERSION = YES;
				GCC_WARN_ABOUT_RETURN_TYPE = YES_ERROR;
				GCC_WARN_UNDECLARED_SELECTOR = YES;
				GCC_WARN_UNINITIALIZED_AUTOS = YES_AGGRESSIVE;
				GCC_WARN_UNUSED_FUNCTION = YES;
				GCC_WARN_UNUSED_VARIABLE = YES;
				MACOSX_DEPLOYMENT_TARGET = 10.11;
				MTL_ENABLE_DEBUG_INFO = YES;
				ONLY_ACTIVE_ARCH = YES;
				SDKROOT = macosx;
			};
			name = Debug;
		};
		6B88DE741CFE8D90008635B2 /* Release */ = {
			isa = XCBuildConfiguration;
			buildSettings = {
				ALWAYS_SEARCH_USER_PATHS = NO;
				CLANG_ANALYZER_NONNULL = YES;
				CLANG_CXX_LANGUAGE_STANDARD = "gnu++0x";
				CLANG_CXX_LIBRARY = "libc++";
				CLANG_ENABLE_MODULES = YES;
				CLANG_ENABLE_OBJC_ARC = YES;
				CLANG_WARN_BOOL_CONVERSION = YES;
				CLANG_WARN_CONSTANT_CONVERSION = YES;
				CLANG_WARN_DIRECT_OBJC_ISA_USAGE = YES_ERROR;
				CLANG_WARN_EMPTY_BODY = YES;
				CLANG_WARN_ENUM_CONVERSION = YES;
				CLANG_WARN_INT_CONVERSION = YES;
				CLANG_WARN_OBJC_ROOT_CLASS = YES_ERROR;
				CLANG_WARN_UNREACHABLE_CODE = YES;
				CLANG_WARN__DUPLICATE_METHOD_MATCH = YES;
				CODE_SIGN_IDENTITY = "-";
				COPY_PHASE_STRIP = NO;
				DEBUG_INFORMATION_FORMAT = "dwarf-with-dsym";
				ENABLE_NS_ASSERTIONS = NO;
				ENABLE_STRICT_OBJC_MSGSEND = YES;
				GCC_C_LANGUAGE_STANDARD = gnu99;
				GCC_NO_COMMON_BLOCKS = YES;
				GCC_WARN_64_TO_32_BIT_CONVERSION = YES;
				GCC_WARN_ABOUT_RETURN_TYPE = YES_ERROR;
				GCC_WARN_UNDECLARED_SELECTOR = YES;
				GCC_WARN_UNINITIALIZED_AUTOS = YES_AGGRESSIVE;
				GCC_WARN_UNUSED_FUNCTION = YES;
				GCC_WARN_UNUSED_VARIABLE = YES;
				MACOSX_DEPLOYMENT_TARGET = 10.11;
				MTL_ENABLE_DEBUG_INFO = NO;
				SDKROOT = macosx;
			};
			name = Release;
		};
		6B88DE761CFE8D90008635B2 /* Debug */ = {
			isa = XCBuildConfiguration;
			buildSettings = {
				COMBINE_HIDPI_IMAGES = YES;
				DEPLOYMENT_LOCATION = YES;
				DSTROOT = "$(HOME)";
				INFOPLIST_FILE = KLPluginTest/Info.plist;
				INSTALL_PATH = "/Library/Application Support/Developer/Shared/Xcode/Plug-ins";
				PRODUCT_BUNDLE_IDENTIFIER = KellenYangs.KLPluginTest;
				PRODUCT_NAME = "$(TARGET_NAME)";
				WRAPPER_EXTENSION = xcplugin;
			};
			name = Debug;
		};
		6B88DE771CFE8D90008635B2 /* Release */ = {
			isa = XCBuildConfiguration;
			buildSettings = {
				COMBINE_HIDPI_IMAGES = YES;
				DEPLOYMENT_LOCATION = YES;
				DSTROOT = "$(HOME)";
				INFOPLIST_FILE = KLPluginTest/Info.plist;
				INSTALL_PATH = "/Library/Application Support/Developer/Shared/Xcode/Plug-ins";
				PRODUCT_BUNDLE_IDENTIFIER = KellenYangs.KLPluginTest;
				PRODUCT_NAME = "$(TARGET_NAME)";
				WRAPPER_EXTENSION = xcplugin;
			};
			name = Release;
		};
/* End XCBuildConfiguration section */

/* Begin XCConfigurationList section */
		6B88DE651CFE8D8D008635B2 /* Build configuration list for PBXProject "KLPluginTest" */ = {
			isa = XCConfigurationList;
			buildConfigurations = (
				6B88DE731CFE8D90008635B2 /* Debug */,
				6B88DE741CFE8D90008635B2 /* Release */,
			);
			defaultConfigurationIsVisible = 0;
			defaultConfigurationName = Release;
		};
		6B88DE751CFE8D90008635B2 /* Build configuration list for PBXNativeTarget "KLPluginTest" */ = {
			isa = XCConfigurationList;
			buildConfigurations = (
				6B88DE761CFE8D90008635B2 /* Debug */,
				6B88DE771CFE8D90008635B2 /* Release */,
			);
			defaultConfigurationIsVisible = 0;
		};
/* End XCConfigurationList section */
	};
	rootObject = 6B88DE621CFE8D8D008635B2 /* Project object */;
}
