// !$*UTF8*$!
{
	archiveVersion = 1;
	classes = {
	};
	objectVersion = 46;
	objects = {

/* Begin PBXBuildFile section */
		6BA301071CE99A6C0036AAC7 /* main.m in Sources */ = {isa = PBXBuildFile; fileRef = 6BA301061CE99A6C0036AAC7 /* main.m */; };
		6BA3010A1CE99A6C0036AAC7 /* AppDelegate.m in Sources */ = {isa = PBXBuildFile; fileRef = 6BA301091CE99A6C0036AAC7 /* AppDelegate.m */; };
		6BA3010D1CE99A6C0036AAC7 /* ViewController.m in Sources */ = {isa = PBXBuildFile; fileRef = 6BA3010C1CE99A6C0036AAC7 /* ViewController.m */; };
		6BA301101CE99A6C0036AAC7 /* Main.storyboard in Resources */ = {isa = PBXBuildFile; fileRef = 6BA3010E1CE99A6C0036AAC7 /* Main.storyboard */; };
		6BA301121CE99A6C0036AAC7 /* Assets.xcassets in Resources */ = {isa = PBXBuildFile; fileRef = 6BA301111CE99A6C0036AAC7 /* Assets.xcassets */; };
		6BA301151CE99A6C0036AAC7 /* LaunchScreen.storyboard in Resources */ = {isa = PBXBuildFile; fileRef = 6BA301131CE99A6C0036AAC7 /* LaunchScreen.storyboard */; };
		6BA301201CE99A6C0036AAC7 /* AttributeStringExampleTests.m in Sources */ = {isa = PBXBuildFile; fileRef = 6BA3011F1CE99A6C0036AAC7 /* AttributeStringExampleTests.m */; };
		6BA3012B1CE99A6C0036AAC7 /* AttributeStringExampleUITests.m in Sources */ = {isa = PBXBuildFile; fileRef = 6BA3012A1CE99A6C0036AAC7 /* AttributeStringExampleUITests.m */; };
		6BA3013B1CE99A780036AAC7 /* KLAttributedStringBuilder.m in Sources */ = {isa = PBXBuildFile; fileRef = 6BA3013A1CE99A780036AAC7 /* KLAttributedStringBuilder.m */; };
/* End PBXBuildFile section */

/* Begin PBXContainerItemProxy section */
		6BA3011C1CE99A6C0036AAC7 /* PBXContainerItemProxy */ = {
			isa = PBXContainerItemProxy;
			containerPortal = 6BA300FA1CE99A6C0036AAC7 /* Project object */;
			proxyType = 1;
			remoteGlobalIDString = 6BA301011CE99A6C0036AAC7;
			remoteInfo = AttributeStringExample;
		};
		6BA301271CE99A6C0036AAC7 /* PBXContainerItemProxy */ = {
			isa = PBXContainerItemProxy;
			containerPortal = 6BA300FA1CE99A6C0036AAC7 /* Project object */;
			proxyType = 1;
			remoteGlobalIDString = 6BA301011CE99A6C0036AAC7;
			remoteInfo = AttributeStringExample;
		};
/* End PBXContainerItemProxy section */

/* Begin PBXFileReference section */
		6BA301021CE99A6C0036AAC7 /* AttributeStringExample.app */ = {isa = PBXFileReference; explicitFileType = wrapper.application; includeInIndex = 0; path = AttributeStringExample.app; sourceTree = BUILT_PRODUCTS_DIR; };
		6BA301061CE99A6C0036AAC7 /* main.m */ = {isa = PBXFileReference; lastKnownFileType = sourcecode.c.objc; path = main.m; sourceTree = "<group>"; };
		6BA301081CE99A6C0036AAC7 /* AppDelegate.h */ = {isa = PBXFileReference; lastKnownFileType = sourcecode.c.h; path = AppDelegate.h; sourceTree = "<group>"; };
		6BA301091CE99A6C0036AAC7 /* AppDelegate.m */ = {isa = PBXFileReference; lastKnownFileType = sourcecode.c.objc; path = AppDelegate.m; sourceTree = "<group>"; };
		6BA3010B1CE99A6C0036AAC7 /* ViewController.h */ = {isa = PBXFileReference; lastKnownFileType = sourcecode.c.h; path = ViewController.h; sourceTree = "<group>"; };
		6BA3010C1CE99A6C0036AAC7 /* ViewController.m */ = {isa = PBXFileReference; lastKnownFileType = sourcecode.c.objc; path = ViewController.m; sourceTree = "<group>"; };
		6BA3010F1CE99A6C0036AAC7 /* Base */ = {isa = PBXFileReference; lastKnownFileType = file.storyboard; name = Base; path = Base.lproj/Main.storyboard; sourceTree = "<group>"; };
		6BA301111CE99A6C0036AAC7 /* Assets.xcassets */ = {isa = PBXFileReference; lastKnownFileType = folder.assetcatalog; path = Assets.xcassets; sourceTree = "<group>"; };
		6BA301141CE99A6C0036AAC7 /* Base */ = {isa = PBXFileReference; lastKnownFileType = file.storyboard; name = Base; path = Base.lproj/LaunchScreen.storyboard; sourceTree = "<group>"; };
		6BA301161CE99A6C0036AAC7 /* Info.plist */ = {isa = PBXFileReference; lastKnownFileType = text.plist.xml; path = Info.plist; sourceTree = "<group>"; };
		6BA3011B1CE99A6C0036AAC7 /* AttributeStringExampleTests.xctest */ = {isa = PBXFileReference; explicitFileType = wrapper.cfbundle; includeInIndex = 0; path = AttributeStringExampleTests.xctest; sourceTree = BUILT_PRODUCTS_DIR; };
		6BA3011F1CE99A6C0036AAC7 /* AttributeStringExampleTests.m */ = {isa = PBXFileReference; lastKnownFileType = sourcecode.c.objc; path = AttributeStringExampleTests.m; sourceTree = "<group>"; };
		6BA301211CE99A6C0036AAC7 /* Info.plist */ = {isa = PBXFileReference; lastKnownFileType = text.plist.xml; path = Info.plist; sourceTree = "<group>"; };
		6BA301261CE99A6C0036AAC7 /* AttributeStringExampleUITests.xctest */ = {isa = PBXFileReference; explicitFileType = wrapper.cfbundle; includeInIndex = 0; path = AttributeStringExampleUITests.xctest; sourceTree = BUILT_PRODUCTS_DIR; };
		6BA3012A1CE99A6C0036AAC7 /* AttributeStringExampleUITests.m */ = {isa = PBXFileReference; lastKnownFileType = sourcecode.c.objc; path = AttributeStringExampleUITests.m; sourceTree = "<group>"; };
		6BA3012C1CE99A6C0036AAC7 /* Info.plist */ = {isa = PBXFileReference; lastKnownFileType = text.plist.xml; path = Info.plist; sourceTree = "<group>"; };
		6BA301391CE99A780036AAC7 /* KLAttributedStringBuilder.h */ = {isa = PBXFileReference; fileEncoding = 4; lastKnownFileType = sourcecode.c.h; path = KLAttributedStringBuilder.h; sourceTree = "<group>"; };
		6BA3013A1CE99A780036AAC7 /* KLAttributedStringBuilder.m */ = {isa = PBXFileReference; fileEncoding = 4; lastKnownFileType = sourcecode.c.objc; path = KLAttributedStringBuilder.m; sourceTree = "<group>"; };
/* End PBXFileReference section */

/* Begin PBXFrameworksBuildPhase section */
		6BA300FF1CE99A6C0036AAC7 /* Frameworks */ = {
			isa = PBXFrameworksBuildPhase;
			buildActionMask = 2147483647;
			files = (
			);
			runOnlyForDeploymentPostprocessing = 0;
		};
		6BA301181CE99A6C0036AAC7 /* Frameworks */ = {
			isa = PBXFrameworksBuildPhase;
			buildActionMask = 2147483647;
			files = (
			);
			runOnlyForDeploymentPostprocessing = 0;
		};
		6BA301231CE99A6C0036AAC7 /* Frameworks */ = {
			isa = PBXFrameworksBuildPhase;
			buildActionMask = 2147483647;
			files = (
			);
			runOnlyForDeploymentPostprocessing = 0;
		};
/* End PBXFrameworksBuildPhase section */

/* Begin PBXGroup section */
		6BA300F91CE99A6C0036AAC7 = {
			isa = PBXGroup;
			children = (
				6BA301381CE99A780036AAC7 /* KLAttributeString */,
				6BA301041CE99A6C0036AAC7 /* AttributeStringExample */,
				6BA3011E1CE99A6C0036AAC7 /* AttributeStringExampleTests */,
				6BA301291CE99A6C0036AAC7 /* AttributeStringExampleUITests */,
				6BA301031CE99A6C0036AAC7 /* Products */,
			);
			sourceTree = "<group>";
		};
		6BA301031CE99A6C0036AAC7 /* Products */ = {
			isa = PBXGroup;
			children = (
				6BA301021CE99A6C0036AAC7 /* AttributeStringExample.app */,
				6BA3011B1CE99A6C0036AAC7 /* AttributeStringExampleTests.xctest */,
				6BA301261CE99A6C0036AAC7 /* AttributeStringExampleUITests.xctest */,
			);
			name = Products;
			sourceTree = "<group>";
		};
		6BA301041CE99A6C0036AAC7 /* AttributeStringExample */ = {
			isa = PBXGroup;
			children = (
				6BA301081CE99A6C0036AAC7 /* AppDelegate.h */,
				6BA301091CE99A6C0036AAC7 /* AppDelegate.m */,
				6BA3010B1CE99A6C0036AAC7 /* ViewController.h */,
				6BA3010C1CE99A6C0036AAC7 /* ViewController.m */,
				6BA3010E1CE99A6C0036AAC7 /* Main.storyboard */,
				6BA301111CE99A6C0036AAC7 /* Assets.xcassets */,
				6BA301131CE99A6C0036AAC7 /* LaunchScreen.storyboard */,
				6BA301161CE99A6C0036AAC7 /* Info.plist */,
				6BA301051CE99A6C0036AAC7 /* Supporting Files */,
			);
			path = AttributeStringExample;
			sourceTree = "<group>";
		};
		6BA301051CE99A6C0036AAC7 /* Supporting Files */ = {
			isa = PBXGroup;
			children = (
				6BA301061CE99A6C0036AAC7 /* main.m */,
			);
			name = "Supporting Files";
			sourceTree = "<group>";
		};
		6BA3011E1CE99A6C0036AAC7 /* AttributeStringExampleTests */ = {
			isa = PBXGroup;
			children = (
				6BA3011F1CE99A6C0036AAC7 /* AttributeStringExampleTests.m */,
				6BA301211CE99A6C0036AAC7 /* Info.plist */,
			);
			path = AttributeStringExampleTests;
			sourceTree = "<group>";
		};
		6BA301291CE99A6C0036AAC7 /* AttributeStringExampleUITests */ = {
			isa = PBXGroup;
			children = (
				6BA3012A1CE99A6C0036AAC7 /* AttributeStringExampleUITests.m */,
				6BA3012C1CE99A6C0036AAC7 /* Info.plist */,
			);
			path = AttributeStringExampleUITests;
			sourceTree = "<group>";
		};
		6BA301381CE99A780036AAC7 /* KLAttributeString */ = {
			isa = PBXGroup;
			children = (
				6BA301391CE99A780036AAC7 /* KLAttributedStringBuilder.h */,
				6BA3013A1CE99A780036AAC7 /* KLAttributedStringBuilder.m */,
			);
			path = KLAttributeString;
			sourceTree = "<group>";
		};
/* End PBXGroup section */

/* Begin PBXNativeTarget section */
		6BA301011CE99A6C0036AAC7 /* AttributeStringExample */ = {
			isa = PBXNativeTarget;
			buildConfigurationList = 6BA3012F1CE99A6C0036AAC7 /* Build configuration list for PBXNativeTarget "AttributeStringExample" */;
			buildPhases = (
				6BA300FE1CE99A6C0036AAC7 /* Sources */,
				6BA300FF1CE99A6C0036AAC7 /* Frameworks */,
				6BA301001CE99A6C0036AAC7 /* Resources */,
			);
			buildRules = (
			);
			dependencies = (
			);
			name = AttributeStringExample;
			productName = AttributeStringExample;
			productReference = 6BA301021CE99A6C0036AAC7 /* AttributeStringExample.app */;
			productType = "com.apple.product-type.application";
		};
		6BA3011A1CE99A6C0036AAC7 /* AttributeStringExampleTests */ = {
			isa = PBXNativeTarget;
			buildConfigurationList = 6BA301321CE99A6C0036AAC7 /* Build configuration list for PBXNativeTarget "AttributeStringExampleTests" */;
			buildPhases = (
				6BA301171CE99A6C0036AAC7 /* Sources */,
				6BA301181CE99A6C0036AAC7 /* Frameworks */,
				6BA301191CE99A6C0036AAC7 /* Resources */,
			);
			buildRules = (
			);
			dependencies = (
				6BA3011D1CE99A6C0036AAC7 /* PBXTargetDependency */,
			);
			name = AttributeStringExampleTests;
			productName = AttributeStringExampleTests;
			productReference = 6BA3011B1CE99A6C0036AAC7 /* AttributeStringExampleTests.xctest */;
			productType = "com.apple.product-type.bundle.unit-test";
		};
		6BA301251CE99A6C0036AAC7 /* AttributeStringExampleUITests */ = {
			isa = PBXNativeTarget;
			buildConfigurationList = 6BA301351CE99A6C0036AAC7 /* Build configuration list for PBXNativeTarget "AttributeStringExampleUITests" */;
			buildPhases = (
				6BA301221CE99A6C0036AAC7 /* Sources */,
				6BA301231CE99A6C0036AAC7 /* Frameworks */,
				6BA301241CE99A6C0036AAC7 /* Resources */,
			);
			buildRules = (
			);
			dependencies = (
				6BA301281CE99A6C0036AAC7 /* PBXTargetDependency */,
			);
			name = AttributeStringExampleUITests;
			productName = AttributeStringExampleUITests;
			productReference = 6BA301261CE99A6C0036AAC7 /* AttributeStringExampleUITests.xctest */;
			productType = "com.apple.product-type.bundle.ui-testing";
		};
/* End PBXNativeTarget section */

/* Begin PBXProject section */
		6BA300FA1CE99A6C0036AAC7 /* Project object */ = {
			isa = PBXProject;
			attributes = {
				LastUpgradeCheck = 0730;
				ORGANIZATIONNAME = KellenYangs;
				TargetAttributes = {
					6BA301011CE99A6C0036AAC7 = {
						CreatedOnToolsVersion = 7.3.1;
					};
					6BA3011A1CE99A6C0036AAC7 = {
						CreatedOnToolsVersion = 7.3.1;
						TestTargetID = 6BA301011CE99A6C0036AAC7;
					};
					6BA301251CE99A6C0036AAC7 = {
						CreatedOnToolsVersion = 7.3.1;
						TestTargetID = 6BA301011CE99A6C0036AAC7;
					};
				};
			};
			buildConfigurationList = 6BA300FD1CE99A6C0036AAC7 /* Build configuration list for PBXProject "AttributeStringExample" */;
			compatibilityVersion = "Xcode 3.2";
			developmentRegion = English;
			hasScannedForEncodings = 0;
			knownRegions = (
				en,
				Base,
			);
			mainGroup = 6BA300F91CE99A6C0036AAC7;
			productRefGroup = 6BA301031CE99A6C0036AAC7 /* Products */;
			projectDirPath = "";
			projectRoot = "";
			targets = (
				6BA301011CE99A6C0036AAC7 /* AttributeStringExample */,
				6BA3011A1CE99A6C0036AAC7 /* AttributeStringExampleTests */,
				6BA301251CE99A6C0036AAC7 /* AttributeStringExampleUITests */,
			);
		};
/* End PBXProject section */

/* Begin PBXResourcesBuildPhase section */
		6BA301001CE99A6C0036AAC7 /* Resources */ = {
			isa = PBXResourcesBuildPhase;
			buildActionMask = 2147483647;
			files = (
				6BA301151CE99A6C0036AAC7 /* LaunchScreen.storyboard in Resources */,
				6BA301121CE99A6C0036AAC7 /* Assets.xcassets in Resources */,
				6BA301101CE99A6C0036AAC7 /* Main.storyboard in Resources */,
			);
			runOnlyForDeploymentPostprocessing = 0;
		};
		6BA301191CE99A6C0036AAC7 /* Resources */ = {
			isa = PBXResourcesBuildPhase;
			buildActionMask = 2147483647;
			files = (
			);
			runOnlyForDeploymentPostprocessing = 0;
		};
		6BA301241CE99A6C0036AAC7 /* Resources */ = {
			isa = PBXResourcesBuildPhase;
			buildActionMask = 2147483647;
			files = (
			);
			runOnlyForDeploymentPostprocessing = 0;
		};
/* End PBXResourcesBuildPhase section */

/* Begin PBXSourcesBuildPhase section */
		6BA300FE1CE99A6C0036AAC7 /* Sources */ = {
			isa = PBXSourcesBuildPhase;
			buildActionMask = 2147483647;
			files = (
				6BA3010D1CE99A6C0036AAC7 /* ViewController.m in Sources */,
				6BA3010A1CE99A6C0036AAC7 /* AppDelegate.m in Sources */,
				6BA3013B1CE99A780036AAC7 /* KLAttributedStringBuilder.m in Sources */,
				6BA301071CE99A6C0036AAC7 /* main.m in Sources */,
			);
			runOnlyForDeploymentPostprocessing = 0;
		};
		6BA301171CE99A6C0036AAC7 /* Sources */ = {
			isa = PBXSourcesBuildPhase;
			buildActionMask = 2147483647;
			files = (
				6BA301201CE99A6C0036AAC7 /* AttributeStringExampleTests.m in Sources */,
			);
			runOnlyForDeploymentPostprocessing = 0;
		};
		6BA301221CE99A6C0036AAC7 /* Sources */ = {
			isa = PBXSourcesBuildPhase;
			buildActionMask = 2147483647;
			files = (
				6BA3012B1CE99A6C0036AAC7 /* AttributeStringExampleUITests.m in Sources */,
			);
			runOnlyForDeploymentPostprocessing = 0;
		};
/* End PBXSourcesBuildPhase section */

/* Begin PBXTargetDependency section */
		6BA3011D1CE99A6C0036AAC7 /* PBXTargetDependency */ = {
			isa = PBXTargetDependency;
			target = 6BA301011CE99A6C0036AAC7 /* AttributeStringExample */;
			targetProxy = 6BA3011C1CE99A6C0036AAC7 /* PBXContainerItemProxy */;
		};
		6BA301281CE99A6C0036AAC7 /* PBXTargetDependency */ = {
			isa = PBXTargetDependency;
			target = 6BA301011CE99A6C0036AAC7 /* AttributeStringExample */;
			targetProxy = 6BA301271CE99A6C0036AAC7 /* PBXContainerItemProxy */;
		};
/* End PBXTargetDependency section */

/* Begin PBXVariantGroup section */
		6BA3010E1CE99A6C0036AAC7 /* Main.storyboard */ = {
			isa = PBXVariantGroup;
			children = (
				6BA3010F1CE99A6C0036AAC7 /* Base */,
			);
			name = Main.storyboard;
			sourceTree = "<group>";
		};
		6BA301131CE99A6C0036AAC7 /* LaunchScreen.storyboard */ = {
			isa = PBXVariantGroup;
			children = (
				6BA301141CE99A6C0036AAC7 /* Base */,
			);
			name = LaunchScreen.storyboard;
			sourceTree = "<group>";
		};
/* End PBXVariantGroup section */

/* Begin XCBuildConfiguration section */
		6BA3012D1CE99A6C0036AAC7 /* Debug */ = {
			isa = XCBuildConfiguration;
			buildSettings = {
				ALWAYS_SEARCH_USER_PATHS = NO;
				CLANG_ANALYZER_NONNULL = YES;
				CLANG_CXX_LANGUAGE_STANDARD = "gnu++0x";
				CLANG_CXX_LIBRARY = "libc++";
				CLANG_ENABLE_MODULES = YES;
				CLANG_ENABLE_OBJC_ARC = YES;
				CLANG_WARN_BOOL_CONVERSION = YES;
				CLANG_WARN_CONSTANT_CONVERSION = YES;
				CLANG_WARN_DIRECT_OBJC_ISA_USAGE = YES_ERROR;
				CLANG_WARN_EMPTY_BODY = YES;
				CLANG_WARN_ENUM_CONVERSION = YES;
				CLANG_WARN_INT_CONVERSION = YES;
				CLANG_WARN_OBJC_ROOT_CLASS = YES_ERROR;
				CLANG_WARN_UNREACHABLE_CODE = YES;
				CLANG_WARN__DUPLICATE_METHOD_MATCH = YES;
				"CODE_SIGN_IDENTITY[sdk=iphoneos*]" = "iPhone Developer";
				COPY_PHASE_STRIP = NO;
				DEBUG_INFORMATION_FORMAT = dwarf;
				ENABLE_STRICT_OBJC_MSGSEND = YES;
				ENABLE_TESTABILITY = YES;
				GCC_C_LANGUAGE_STANDARD = gnu99;
				GCC_DYNAMIC_NO_PIC = NO;
				GCC_NO_COMMON_BLOCKS = YES;
				GCC_OPTIMIZATION_LEVEL = 0;
				GCC_PREPROCESSOR_DEFINITIONS = (
					"DEBUG=1",
					"$(inherited)",
				);
				GCC_WARN_64_TO_32_BIT_CONVERSION = YES;
				GCC_WARN_ABOUT_RETURN_TYPE = YES_ERROR;
				GCC_WARN_UNDECLARED_SELECTOR = YES;
				GCC_WARN_UNINITIALIZED_AUTOS = YES_AGGRESSIVE;
				GCC_WARN_UNUSED_FUNCTION = YES;
				GCC_WARN_UNUSED_VARIABLE = YES;
				IPHONEOS_DEPLOYMENT_TARGET = 9.3;
				MTL_ENABLE_DEBUG_INFO = YES;
				ONLY_ACTIVE_ARCH = YES;
				SDKROOT = iphoneos;
			};
			name = Debug;
		};
		6BA3012E1CE99A6C0036AAC7 /* Release */ = {
			isa = XCBuildConfiguration;
			buildSettings = {
				ALWAYS_SEARCH_USER_PATHS = NO;
				CLANG_ANALYZER_NONNULL = YES;
				CLANG_CXX_LANGUAGE_STANDARD = "gnu++0x";
				CLANG_CXX_LIBRARY = "libc++";
				CLANG_ENABLE_MODULES = YES;
				CLANG_ENABLE_OBJC_ARC = YES;
				CLANG_WARN_BOOL_CONVERSION = YES;
				CLANG_WARN_CONSTANT_CONVERSION = YES;
				CLANG_WARN_DIRECT_OBJC_ISA_USAGE = YES_ERROR;
				CLANG_WARN_EMPTY_BODY = YES;
				CLANG_WARN_ENUM_CONVERSION = YES;
				CLANG_WARN_INT_CONVERSION = YES;
				CLANG_WARN_OBJC_ROOT_CLASS = YES_ERROR;
				CLANG_WARN_UNREACHABLE_CODE = YES;
				CLANG_WARN__DUPLICATE_METHOD_MATCH = YES;
				"CODE_SIGN_IDENTITY[sdk=iphoneos*]" = "iPhone Developer";
				COPY_PHASE_STRIP = NO;
				DEBUG_INFORMATION_FORMAT = "dwarf-with-dsym";
				ENABLE_NS_ASSERTIONS = NO;
				ENABLE_STRICT_OBJC_MSGSEND = YES;
				GCC_C_LANGUAGE_STANDARD = gnu99;
				GCC_NO_COMMON_BLOCKS = YES;
				GCC_WARN_64_TO_32_BIT_CONVERSION = YES;
				GCC_WARN_ABOUT_RETURN_TYPE = YES_ERROR;
				GCC_WARN_UNDECLARED_SELECTOR = YES;
				GCC_WARN_UNINITIALIZED_AUTOS = YES_AGGRESSIVE;
				GCC_WARN_UNUSED_FUNCTION = YES;
				GCC_WARN_UNUSED_VARIABLE = YES;
				IPHONEOS_DEPLOYMENT_TARGET = 9.3;
				MTL_ENABLE_DEBUG_INFO = NO;
				SDKROOT = iphoneos;
				VALIDATE_PRODUCT = YES;
			};
			name = Release;
		};
		6BA301301CE99A6C0036AAC7 /* Debug */ = {
			isa = XCBuildConfiguration;
			buildSettings = {
				ASSETCATALOG_COMPILER_APPICON_NAME = AppIcon;
				INFOPLIST_FILE = AttributeStringExample/Info.plist;
				LD_RUNPATH_SEARCH_PATHS = "$(inherited) @executable_path/Frameworks";
				PRODUCT_BUNDLE_IDENTIFIER = KellenYangs.AttributeStringExample;
				PRODUCT_NAME = "$(TARGET_NAME)";
			};
			name = Debug;
		};
		6BA301311CE99A6C0036AAC7 /* Release */ = {
			isa = XCBuildConfiguration;
			buildSettings = {
				ASSETCATALOG_COMPILER_APPICON_NAME = AppIcon;
				INFOPLIST_FILE = AttributeStringExample/Info.plist;
				LD_RUNPATH_SEARCH_PATHS = "$(inherited) @executable_path/Frameworks";
				PRODUCT_BUNDLE_IDENTIFIER = KellenYangs.AttributeStringExample;
				PRODUCT_NAME = "$(TARGET_NAME)";
			};
			name = Release;
		};
		6BA301331CE99A6C0036AAC7 /* Debug */ = {
			isa = XCBuildConfiguration;
			buildSettings = {
				BUNDLE_LOADER = "$(TEST_HOST)";
				INFOPLIST_FILE = AttributeStringExampleTests/Info.plist;
				LD_RUNPATH_SEARCH_PATHS = "$(inherited) @executable_path/Frameworks @loader_path/Frameworks";
				PRODUCT_BUNDLE_IDENTIFIER = KellenYangs.AttributeStringExampleTests;
				PRODUCT_NAME = "$(TARGET_NAME)";
				TEST_HOST = "$(BUILT_PRODUCTS_DIR)/AttributeStringExample.app/AttributeStringExample";
			};
			name = Debug;
		};
		6BA301341CE99A6C0036AAC7 /* Release */ = {
			isa = XCBuildConfiguration;
			buildSettings = {
				BUNDLE_LOADER = "$(TEST_HOST)";
				INFOPLIST_FILE = AttributeStringExampleTests/Info.plist;
				LD_RUNPATH_SEARCH_PATHS = "$(inherited) @executable_path/Frameworks @loader_path/Frameworks";
				PRODUCT_BUNDLE_IDENTIFIER = KellenYangs.AttributeStringExampleTests;
				PRODUCT_NAME = "$(TARGET_NAME)";
				TEST_HOST = "$(BUILT_PRODUCTS_DIR)/AttributeStringExample.app/AttributeStringExample";
			};
			name = Release;
		};
		6BA301361CE99A6C0036AAC7 /* Debug */ = {
			isa = XCBuildConfiguration;
			buildSettings = {
				INFOPLIST_FILE = AttributeStringExampleUITests/Info.plist;
				LD_RUNPATH_SEARCH_PATHS = "$(inherited) @executable_path/Frameworks @loader_path/Frameworks";
				PRODUCT_BUNDLE_IDENTIFIER = KellenYangs.AttributeStringExampleUITests;
				PRODUCT_NAME = "$(TARGET_NAME)";
				TEST_TARGET_NAME = AttributeStringExample;
			};
			name = Debug;
		};
		6BA301371CE99A6C0036AAC7 /* Release */ = {
			isa = XCBuildConfiguration;
			buildSettings = {
				INFOPLIST_FILE = AttributeStringExampleUITests/Info.plist;
				LD_RUNPATH_SEARCH_PATHS = "$(inherited) @executable_path/Frameworks @loader_path/Frameworks";
				PRODUCT_BUNDLE_IDENTIFIER = KellenYangs.AttributeStringExampleUITests;
				PRODUCT_NAME = "$(TARGET_NAME)";
				TEST_TARGET_NAME = AttributeStringExample;
			};
			name = Release;
		};
/* End XCBuildConfiguration section */

/* Begin XCConfigurationList section */
		6BA300FD1CE99A6C0036AAC7 /* Build configuration list for PBXProject "AttributeStringExample" */ = {
			isa = XCConfigurationList;
			buildConfigurations = (
				6BA3012D1CE99A6C0036AAC7 /* Debug */,
				6BA3012E1CE99A6C0036AAC7 /* Release */,
			);
			defaultConfigurationIsVisible = 0;
			defaultConfigurationName = Release;
		};
		6BA3012F1CE99A6C0036AAC7 /* Build configuration list for PBXNativeTarget "AttributeStringExample" */ = {
			isa = XCConfigurationList;
			buildConfigurations = (
				6BA301301CE99A6C0036AAC7 /* Debug */,
				6BA301311CE99A6C0036AAC7 /* Release */,
			);
			defaultConfigurationIsVisible = 0;
		};
		6BA301321CE99A6C0036AAC7 /* Build configuration list for PBXNativeTarget "AttributeStringExampleTests" */ = {
			isa = XCConfigurationList;
			buildConfigurations = (
				6BA301331CE99A6C0036AAC7 /* Debug */,
				6BA301341CE99A6C0036AAC7 /* Release */,
			);
			defaultConfigurationIsVisible = 0;
		};
		6BA301351CE99A6C0036AAC7 /* Build configuration list for PBXNativeTarget "AttributeStringExampleUITests" */ = {
			isa = XCConfigurationList;
			buildConfigurations = (
				6BA301361CE99A6C0036AAC7 /* Debug */,
				6BA301371CE99A6C0036AAC7 /* Release */,
			);
			defaultConfigurationIsVisible = 0;
		};
/* End XCConfigurationList section */
	};
	rootObject = 6BA300FA1CE99A6C0036AAC7 /* Project object */;
}
