// !$*UTF8*$!
{
	archiveVersion = 1;
	classes = {
	};
	objectVersion = 46;
	objects = {

/* Begin PBXBuildFile section */
		6B12370A1CBE246500AA72D2 /* main.m in Sources */ = {isa = PBXBuildFile; fileRef = 6B1237091CBE246500AA72D2 /* main.m */; };
		6B12370D1CBE246500AA72D2 /* AppDelegate.m in Sources */ = {isa = PBXBuildFile; fileRef = 6B12370C1CBE246500AA72D2 /* AppDelegate.m */; };
		6B1237101CBE246500AA72D2 /* ViewController.m in Sources */ = {isa = PBXBuildFile; fileRef = 6B12370F1CBE246500AA72D2 /* ViewController.m */; };
		6B1237131CBE246500AA72D2 /* Main.storyboard in Resources */ = {isa = PBXBuildFile; fileRef = 6B1237111CBE246500AA72D2 /* Main.storyboard */; };
		6B1237151CBE246500AA72D2 /* Assets.xcassets in Resources */ = {isa = PBXBuildFile; fileRef = 6B1237141CBE246500AA72D2 /* Assets.xcassets */; };
		6B1237181CBE246500AA72D2 /* LaunchScreen.storyboard in Resources */ = {isa = PBXBuildFile; fileRef = 6B1237161CBE246500AA72D2 /* LaunchScreen.storyboard */; };
		6BD786AA1CBE2C9A00821DF3 /* NSDate+kl_Extensionkl.m in Sources */ = {isa = PBXBuildFile; fileRef = 6BD786A91CBE2C9A00821DF3 /* NSDate+kl_Extensionkl.m */; };
/* End PBXBuildFile section */

/* Begin PBXFileReference section */
		6B1237051CBE246500AA72D2 /* NSDateTest.app */ = {isa = PBXFileReference; explicitFileType = wrapper.application; includeInIndex = 0; path = NSDateTest.app; sourceTree = BUILT_PRODUCTS_DIR; };
		6B1237091CBE246500AA72D2 /* main.m */ = {isa = PBXFileReference; lastKnownFileType = sourcecode.c.objc; path = main.m; sourceTree = "<group>"; };
		6B12370B1CBE246500AA72D2 /* AppDelegate.h */ = {isa = PBXFileReference; lastKnownFileType = sourcecode.c.h; path = AppDelegate.h; sourceTree = "<group>"; };
		6B12370C1CBE246500AA72D2 /* AppDelegate.m */ = {isa = PBXFileReference; lastKnownFileType = sourcecode.c.objc; path = AppDelegate.m; sourceTree = "<group>"; };
		6B12370E1CBE246500AA72D2 /* ViewController.h */ = {isa = PBXFileReference; lastKnownFileType = sourcecode.c.h; path = ViewController.h; sourceTree = "<group>"; };
		6B12370F1CBE246500AA72D2 /* ViewController.m */ = {isa = PBXFileReference; lastKnownFileType = sourcecode.c.objc; path = ViewController.m; sourceTree = "<group>"; };
		6B1237121CBE246500AA72D2 /* Base */ = {isa = PBXFileReference; lastKnownFileType = file.storyboard; name = Base; path = Base.lproj/Main.storyboard; sourceTree = "<group>"; };
		6B1237141CBE246500AA72D2 /* Assets.xcassets */ = {isa = PBXFileReference; lastKnownFileType = folder.assetcatalog; path = Assets.xcassets; sourceTree = "<group>"; };
		6B1237171CBE246500AA72D2 /* Base */ = {isa = PBXFileReference; lastKnownFileType = file.storyboard; name = Base; path = Base.lproj/LaunchScreen.storyboard; sourceTree = "<group>"; };
		6B1237191CBE246500AA72D2 /* Info.plist */ = {isa = PBXFileReference; lastKnownFileType = text.plist.xml; path = Info.plist; sourceTree = "<group>"; };
		6BD786A81CBE2C9A00821DF3 /* NSDate+kl_Extensionkl.h */ = {isa = PBXFileReference; fileEncoding = 4; lastKnownFileType = sourcecode.c.h; path = "NSDate+kl_Extensionkl.h"; sourceTree = "<group>"; };
		6BD786A91CBE2C9A00821DF3 /* NSDate+kl_Extensionkl.m */ = {isa = PBXFileReference; fileEncoding = 4; lastKnownFileType = sourcecode.c.objc; path = "NSDate+kl_Extensionkl.m"; sourceTree = "<group>"; };
/* End PBXFileReference section */

/* Begin PBXFrameworksBuildPhase section */
		6B1237021CBE246500AA72D2 /* Frameworks */ = {
			isa = PBXFrameworksBuildPhase;
			buildActionMask = 2147483647;
			files = (
			);
			runOnlyForDeploymentPostprocessing = 0;
		};
/* End PBXFrameworksBuildPhase section */

/* Begin PBXGroup section */
		6B1236FC1CBE246500AA72D2 = {
			isa = PBXGroup;
			children = (
				6B1237071CBE246500AA72D2 /* NSDateTest */,
				6B1237061CBE246500AA72D2 /* Products */,
			);
			sourceTree = "<group>";
		};
		6B1237061CBE246500AA72D2 /* Products */ = {
			isa = PBXGroup;
			children = (
				6B1237051CBE246500AA72D2 /* NSDateTest.app */,
			);
			name = Products;
			sourceTree = "<group>";
		};
		6B1237071CBE246500AA72D2 /* NSDateTest */ = {
			isa = PBXGroup;
			children = (
				6B12370B1CBE246500AA72D2 /* AppDelegate.h */,
				6B12370C1CBE246500AA72D2 /* AppDelegate.m */,
				6B12370E1CBE246500AA72D2 /* ViewController.h */,
				6B12370F1CBE246500AA72D2 /* ViewController.m */,
				6BD786A81CBE2C9A00821DF3 /* NSDate+kl_Extensionkl.h */,
				6BD786A91CBE2C9A00821DF3 /* NSDate+kl_Extensionkl.m */,
				6B1237111CBE246500AA72D2 /* Main.storyboard */,
				6B1237141CBE246500AA72D2 /* Assets.xcassets */,
				6B1237161CBE246500AA72D2 /* LaunchScreen.storyboard */,
				6B1237191CBE246500AA72D2 /* Info.plist */,
				6B1237081CBE246500AA72D2 /* Supporting Files */,
			);
			path = NSDateTest;
			sourceTree = "<group>";
		};
		6B1237081CBE246500AA72D2 /* Supporting Files */ = {
			isa = PBXGroup;
			children = (
				6B1237091CBE246500AA72D2 /* main.m */,
			);
			name = "Supporting Files";
			sourceTree = "<group>";
		};
/* End PBXGroup section */

/* Begin PBXNativeTarget section */
		6B1237041CBE246500AA72D2 /* NSDateTest */ = {
			isa = PBXNativeTarget;
			buildConfigurationList = 6B12371C1CBE246500AA72D2 /* Build configuration list for PBXNativeTarget "NSDateTest" */;
			buildPhases = (
				6B1237011CBE246500AA72D2 /* Sources */,
				6B1237021CBE246500AA72D2 /* Frameworks */,
				6B1237031CBE246500AA72D2 /* Resources */,
			);
			buildRules = (
			);
			dependencies = (
			);
			name = NSDateTest;
			productName = NSDateTest;
			productReference = 6B1237051CBE246500AA72D2 /* NSDateTest.app */;
			productType = "com.apple.product-type.application";
		};
/* End PBXNativeTarget section */

/* Begin PBXProject section */
		6B1236FD1CBE246500AA72D2 /* Project object */ = {
			isa = PBXProject;
			attributes = {
				LastUpgradeCheck = 0720;
				ORGANIZATIONNAME = KellenYangs;
				TargetAttributes = {
					6B1237041CBE246500AA72D2 = {
						CreatedOnToolsVersion = 7.2.1;
					};
				};
			};
			buildConfigurationList = 6B1237001CBE246500AA72D2 /* Build configuration list for PBXProject "NSDateTest" */;
			compatibilityVersion = "Xcode 3.2";
			developmentRegion = English;
			hasScannedForEncodings = 0;
			knownRegions = (
				en,
				Base,
			);
			mainGroup = 6B1236FC1CBE246500AA72D2;
			productRefGroup = 6B1237061CBE246500AA72D2 /* Products */;
			projectDirPath = "";
			projectRoot = "";
			targets = (
				6B1237041CBE246500AA72D2 /* NSDateTest */,
			);
		};
/* End PBXProject section */

/* Begin PBXResourcesBuildPhase section */
		6B1237031CBE246500AA72D2 /* Resources */ = {
			isa = PBXResourcesBuildPhase;
			buildActionMask = 2147483647;
			files = (
				6B1237181CBE246500AA72D2 /* LaunchScreen.storyboard in Resources */,
				6B1237151CBE246500AA72D2 /* Assets.xcassets in Resources */,
				6B1237131CBE246500AA72D2 /* Main.storyboard in Resources */,
			);
			runOnlyForDeploymentPostprocessing = 0;
		};
/* End PBXResourcesBuildPhase section */

/* Begin PBXSourcesBuildPhase section */
		6B1237011CBE246500AA72D2 /* Sources */ = {
			isa = PBXSourcesBuildPhase;
			buildActionMask = 2147483647;
			files = (
				6B1237101CBE246500AA72D2 /* ViewController.m in Sources */,
				6B12370D1CBE246500AA72D2 /* AppDelegate.m in Sources */,
				6BD786AA1CBE2C9A00821DF3 /* NSDate+kl_Extensionkl.m in Sources */,
				6B12370A1CBE246500AA72D2 /* main.m in Sources */,
			);
			runOnlyForDeploymentPostprocessing = 0;
		};
/* End PBXSourcesBuildPhase section */

/* Begin PBXVariantGroup section */
		6B1237111CBE246500AA72D2 /* Main.storyboard */ = {
			isa = PBXVariantGroup;
			children = (
				6B1237121CBE246500AA72D2 /* Base */,
			);
			name = Main.storyboard;
			sourceTree = "<group>";
		};
		6B1237161CBE246500AA72D2 /* LaunchScreen.storyboard */ = {
			isa = PBXVariantGroup;
			children = (
				6B1237171CBE246500AA72D2 /* Base */,
			);
			name = LaunchScreen.storyboard;
			sourceTree = "<group>";
		};
/* End PBXVariantGroup section */

/* Begin XCBuildConfiguration section */
		6B12371A1CBE246500AA72D2 /* Debug */ = {
			isa = XCBuildConfiguration;
			buildSettings = {
				ALWAYS_SEARCH_USER_PATHS = NO;
				CLANG_CXX_LANGUAGE_STANDARD = "gnu++0x";
				CLANG_CXX_LIBRARY = "libc++";
				CLANG_ENABLE_MODULES = YES;
				CLANG_ENABLE_OBJC_ARC = YES;
				CLANG_WARN_BOOL_CONVERSION = YES;
				CLANG_WARN_CONSTANT_CONVERSION = YES;
				CLANG_WARN_DIRECT_OBJC_ISA_USAGE = YES_ERROR;
				CLANG_WARN_EMPTY_BODY = YES;
				CLANG_WARN_ENUM_CONVERSION = YES;
				CLANG_WARN_INT_CONVERSION = YES;
				CLANG_WARN_OBJC_ROOT_CLASS = YES_ERROR;
				CLANG_WARN_UNREACHABLE_CODE = YES;
				CLANG_WARN__DUPLICATE_METHOD_MATCH = YES;
				"CODE_SIGN_IDENTITY[sdk=iphoneos*]" = "iPhone Developer";
				COPY_PHASE_STRIP = NO;
				DEBUG_INFORMATION_FORMAT = dwarf;
				ENABLE_STRICT_OBJC_MSGSEND = YES;
				ENABLE_TESTABILITY = YES;
				GCC_C_LANGUAGE_STANDARD = gnu99;
				GCC_DYNAMIC_NO_PIC = NO;
				GCC_NO_COMMON_BLOCKS = YES;
				GCC_OPTIMIZATION_LEVEL = 0;
				GCC_PREPROCESSOR_DEFINITIONS = (
					"DEBUG=1",
					"$(inherited)",
				);
				GCC_WARN_64_TO_32_BIT_CONVERSION = YES;
				GCC_WARN_ABOUT_RETURN_TYPE = YES_ERROR;
				GCC_WARN_UNDECLARED_SELECTOR = YES;
				GCC_WARN_UNINITIALIZED_AUTOS = YES_AGGRESSIVE;
				GCC_WARN_UNUSED_FUNCTION = YES;
				GCC_WARN_UNUSED_VARIABLE = YES;
				IPHONEOS_DEPLOYMENT_TARGET = 9.2;
				MTL_ENABLE_DEBUG_INFO = YES;
				ONLY_ACTIVE_ARCH = YES;
				SDKROOT = iphoneos;
			};
			name = Debug;
		};
		6B12371B1CBE246500AA72D2 /* Release */ = {
			isa = XCBuildConfiguration;
			buildSettings = {
				ALWAYS_SEARCH_USER_PATHS = NO;
				CLANG_CXX_LANGUAGE_STANDARD = "gnu++0x";
				CLANG_CXX_LIBRARY = "libc++";
				CLANG_ENABLE_MODULES = YES;
				CLANG_ENABLE_OBJC_ARC = YES;
				CLANG_WARN_BOOL_CONVERSION = YES;
				CLANG_WARN_CONSTANT_CONVERSION = YES;
				CLANG_WARN_DIRECT_OBJC_ISA_USAGE = YES_ERROR;
				CLANG_WARN_EMPTY_BODY = YES;
				CLANG_WARN_ENUM_CONVERSION = YES;
				CLANG_WARN_INT_CONVERSION = YES;
				CLANG_WARN_OBJC_ROOT_CLASS = YES_ERROR;
				CLANG_WARN_UNREACHABLE_CODE = YES;
				CLANG_WARN__DUPLICATE_METHOD_MATCH = YES;
				"CODE_SIGN_IDENTITY[sdk=iphoneos*]" = "iPhone Developer";
				COPY_PHASE_STRIP = NO;
				DEBUG_INFORMATION_FORMAT = "dwarf-with-dsym";
				ENABLE_NS_ASSERTIONS = NO;
				ENABLE_STRICT_OBJC_MSGSEND = YES;
				GCC_C_LANGUAGE_STANDARD = gnu99;
				GCC_NO_COMMON_BLOCKS = YES;
				GCC_WARN_64_TO_32_BIT_CONVERSION = YES;
				GCC_WARN_ABOUT_RETURN_TYPE = YES_ERROR;
				GCC_WARN_UNDECLARED_SELECTOR = YES;
				GCC_WARN_UNINITIALIZED_AUTOS = YES_AGGRESSIVE;
				GCC_WARN_UNUSED_FUNCTION = YES;
				GCC_WARN_UNUSED_VARIABLE = YES;
				IPHONEOS_DEPLOYMENT_TARGET = 9.2;
				MTL_ENABLE_DEBUG_INFO = NO;
				SDKROOT = iphoneos;
				VALIDATE_PRODUCT = YES;
			};
			name = Release;
		};
		6B12371D1CBE246500AA72D2 /* Debug */ = {
			isa = XCBuildConfiguration;
			buildSettings = {
				ASSETCATALOG_COMPILER_APPICON_NAME = AppIcon;
				INFOPLIST_FILE = NSDateTest/Info.plist;
				LD_RUNPATH_SEARCH_PATHS = "$(inherited) @executable_path/Frameworks";
				PRODUCT_BUNDLE_IDENTIFIER = KellenYangs.NSDateTest;
				PRODUCT_NAME = "$(TARGET_NAME)";
			};
			name = Debug;
		};
		6B12371E1CBE246500AA72D2 /* Release */ = {
			isa = XCBuildConfiguration;
			buildSettings = {
				ASSETCATALOG_COMPILER_APPICON_NAME = AppIcon;
				INFOPLIST_FILE = NSDateTest/Info.plist;
				LD_RUNPATH_SEARCH_PATHS = "$(inherited) @executable_path/Frameworks";
				PRODUCT_BUNDLE_IDENTIFIER = KellenYangs.NSDateTest;
				PRODUCT_NAME = "$(TARGET_NAME)";
			};
			name = Release;
		};
/* End XCBuildConfiguration section */

/* Begin XCConfigurationList section */
		6B1237001CBE246500AA72D2 /* Build configuration list for PBXProject "NSDateTest" */ = {
			isa = XCConfigurationList;
			buildConfigurations = (
				6B12371A1CBE246500AA72D2 /* Debug */,
				6B12371B1CBE246500AA72D2 /* Release */,
			);
			defaultConfigurationIsVisible = 0;
			defaultConfigurationName = Release;
		};
		6B12371C1CBE246500AA72D2 /* Build configuration list for PBXNativeTarget "NSDateTest" */ = {
			isa = XCConfigurationList;
			buildConfigurations = (
				6B12371D1CBE246500AA72D2 /* Debug */,
				6B12371E1CBE246500AA72D2 /* Release */,
			);
			defaultConfigurationIsVisible = 0;
			defaultConfigurationName = Release;
		};
/* End XCConfigurationList section */
	};
	rootObject = 6B1236FD1CBE246500AA72D2 /* Project object */;
}
